// !$*UTF8*$!
{
	archiveVersion = 1;
	classes = {
	};
	objectVersion = 46;
	objects = {

/* Begin PBXBuildFile section */
		3D16EC3D1A3EE4B5004C008D /* ChangePasswordViewController.swift in Sources */ = {isa = PBXBuildFile; fileRef = 3D16EC381A3EE4B5004C008D /* ChangePasswordViewController.swift */; };
		3D16EC551A3EE4F2004C008D /* FormButtonCell.swift in Sources */ = {isa = PBXBuildFile; fileRef = 3D16EC411A3EE4F1004C008D /* FormButtonCell.swift */; };
		3D16EC561A3EE4F2004C008D /* FormCheckCell.swift in Sources */ = {isa = PBXBuildFile; fileRef = 3D16EC421A3EE4F1004C008D /* FormCheckCell.swift */; };
		3D16EC571A3EE4F2004C008D /* FormDateCell.swift in Sources */ = {isa = PBXBuildFile; fileRef = 3D16EC431A3EE4F1004C008D /* FormDateCell.swift */; };
		3D16EC581A3EE4F2004C008D /* FormPickerCell.swift in Sources */ = {isa = PBXBuildFile; fileRef = 3D16EC441A3EE4F1004C008D /* FormPickerCell.swift */; };
		3D16EC591A3EE4F2004C008D /* FormSegmentedControlCell.swift in Sources */ = {isa = PBXBuildFile; fileRef = 3D16EC451A3EE4F1004C008D /* FormSegmentedControlCell.swift */; };
		3D16EC5A1A3EE4F2004C008D /* FormSelectorCell.swift in Sources */ = {isa = PBXBuildFile; fileRef = 3D16EC461A3EE4F1004C008D /* FormSelectorCell.swift */; };
		3D16EC5B1A3EE4F2004C008D /* FormSwitchCell.swift in Sources */ = {isa = PBXBuildFile; fileRef = 3D16EC471A3EE4F1004C008D /* FormSwitchCell.swift */; };
		3D16EC5C1A3EE4F2004C008D /* FormTextFieldCell.swift in Sources */ = {isa = PBXBuildFile; fileRef = 3D16EC481A3EE4F1004C008D /* FormTextFieldCell.swift */; };
		3D16EC5D1A3EE4F2004C008D /* FormBaseCell.swift in Sources */ = {isa = PBXBuildFile; fileRef = 3D16EC4A1A3EE4F2004C008D /* FormBaseCell.swift */; };
		3D16EC5E1A3EE4F2004C008D /* FormTitleCell.swift in Sources */ = {isa = PBXBuildFile; fileRef = 3D16EC4B1A3EE4F2004C008D /* FormTitleCell.swift */; };
		3D16EC5F1A3EE4F2004C008D /* FormValueCell.swift in Sources */ = {isa = PBXBuildFile; fileRef = 3D16EC4C1A3EE4F2004C008D /* FormValueCell.swift */; };
		3D16EC601A3EE4F2004C008D /* FormOptionsSelectorController.swift in Sources */ = {isa = PBXBuildFile; fileRef = 3D16EC4E1A3EE4F2004C008D /* FormOptionsSelectorController.swift */; };
		3D16EC611A3EE4F2004C008D /* FormSelector.swift in Sources */ = {isa = PBXBuildFile; fileRef = 3D16EC4F1A3EE4F2004C008D /* FormSelector.swift */; };
		3D16EC621A3EE4F2004C008D /* FormViewController.swift in Sources */ = {isa = PBXBuildFile; fileRef = 3D16EC501A3EE4F2004C008D /* FormViewController.swift */; };
		3D16EC631A3EE4F2004C008D /* FormDescriptor.swift in Sources */ = {isa = PBXBuildFile; fileRef = 3D16EC521A3EE4F2004C008D /* FormDescriptor.swift */; };
		3D16EC641A3EE4F2004C008D /* FormRowDescriptor.swift in Sources */ = {isa = PBXBuildFile; fileRef = 3D16EC531A3EE4F2004C008D /* FormRowDescriptor.swift */; };
		3D16EC651A3EE4F2004C008D /* FormSectionDescriptor.swift in Sources */ = {isa = PBXBuildFile; fileRef = 3D16EC541A3EE4F2004C008D /* FormSectionDescriptor.swift */; };
		3D16EC671A3EE9BC004C008D /* ChangeAccountDetailsViewController.swift in Sources */ = {isa = PBXBuildFile; fileRef = 3D16EC661A3EE9BC004C008D /* ChangeAccountDetailsViewController.swift */; };
		3D16EC691A3EEA6A004C008D /* ChildrenFromParentViewController.swift in Sources */ = {isa = PBXBuildFile; fileRef = 3D16EC681A3EEA6A004C008D /* ChildrenFromParentViewController.swift */; };
		3D16EC6B1A3EEA97004C008D /* ChangeChildDetailsViewController.swift in Sources */ = {isa = PBXBuildFile; fileRef = 3D16EC6A1A3EEA97004C008D /* ChangeChildDetailsViewController.swift */; };
		3D182AB61A0A7BD000E3E59F /* ParentTripsController.swift in Sources */ = {isa = PBXBuildFile; fileRef = 3D182AB51A0A7BD000E3E59F /* ParentTripsController.swift */; };
		3D182AB81A0A828300E3E59F /* ParentTripController.swift in Sources */ = {isa = PBXBuildFile; fileRef = 3D182AB71A0A828300E3E59F /* ParentTripController.swift */; };
		3D1AB2DD1A3DB32900FA1126 /* Locksmith.swift in Sources */ = {isa = PBXBuildFile; fileRef = 3D1AB2DB1A3DB32900FA1126 /* Locksmith.swift */; };
		3D1AB2DE1A3DB32900FA1126 /* LocksmithRequest.swift in Sources */ = {isa = PBXBuildFile; fileRef = 3D1AB2DC1A3DB32900FA1126 /* LocksmithRequest.swift */; };
		3D1AB2E01A3DDA1200FA1126 /* AccountViewController.swift in Sources */ = {isa = PBXBuildFile; fileRef = 3D1AB2DF1A3DDA1200FA1126 /* AccountViewController.swift */; };
		3D1EB9CF1A06992900C01F49 /* ChildTripController.swift in Sources */ = {isa = PBXBuildFile; fileRef = 3D1EB9CE1A06992900C01F49 /* ChildTripController.swift */; };
		3D3D0E701A2570AB00F51247 /* GlobalSettings.swift in Sources */ = {isa = PBXBuildFile; fileRef = 3D3D0E6F1A2570AB00F51247 /* GlobalSettings.swift */; };
		3D56492B1A408613001138D4 /* Reachability.swift in Sources */ = {isa = PBXBuildFile; fileRef = 3D56492A1A408613001138D4 /* Reachability.swift */; };
		3D635BCD1A25399A00E3A8DF /* ImageCell.swift in Sources */ = {isa = PBXBuildFile; fileRef = 3D635BCC1A25399A00E3A8DF /* ImageCell.swift */; };
		3D7E547D1A25325000185BF5 /* ParentTripTabVC.swift in Sources */ = {isa = PBXBuildFile; fileRef = 3D7E547C1A25325000185BF5 /* ParentTripTabVC.swift */; };
		3D7E547F1A2535DE00185BF5 /* TripImageTabViewController.swift in Sources */ = {isa = PBXBuildFile; fileRef = 3D7E547E1A2535DE00185BF5 /* TripImageTabViewController.swift */; };
		3DBDB89C1A3F84070003C71F /* UserService.swift in Sources */ = {isa = PBXBuildFile; fileRef = 3DBDB89B1A3F84070003C71F /* UserService.swift */; };
		3DCC8F311A3EF10700F4CEE5 /* AddChildToParentViewController.swift in Sources */ = {isa = PBXBuildFile; fileRef = 3DCC8F301A3EF10700F4CEE5 /* AddChildToParentViewController.swift */; };
		3DF675D41A20CC0400B8387A /* InitViewController.swift in Sources */ = {isa = PBXBuildFile; fileRef = 3DF675D31A20CC0400B8387A /* InitViewController.swift */; };
		3DF675E41A20CC3D00B8387A /* ECPercentDrivenInteractiveTransition.m in Sources */ = {isa = PBXBuildFile; fileRef = 3DF675D71A20CC3D00B8387A /* ECPercentDrivenInteractiveTransition.m */; };
		3DF675E51A20CC3D00B8387A /* ECSlidingAnimationController.m in Sources */ = {isa = PBXBuildFile; fileRef = 3DF675D91A20CC3D00B8387A /* ECSlidingAnimationController.m */; };
		3DF675E61A20CC3D00B8387A /* ECSlidingInteractiveTransition.m in Sources */ = {isa = PBXBuildFile; fileRef = 3DF675DC1A20CC3D00B8387A /* ECSlidingInteractiveTransition.m */; };
		3DF675E71A20CC3D00B8387A /* ECSlidingSegue.m in Sources */ = {isa = PBXBuildFile; fileRef = 3DF675DE1A20CC3D00B8387A /* ECSlidingSegue.m */; };
		3DF675E81A20CC3D00B8387A /* ECSlidingViewController.m in Sources */ = {isa = PBXBuildFile; fileRef = 3DF675E01A20CC3D00B8387A /* ECSlidingViewController.m */; };
		3DF675E91A20CC3D00B8387A /* menuButton.png in Resources */ = {isa = PBXBuildFile; fileRef = 3DF675E11A20CC3D00B8387A /* menuButton.png */; };
		3DF675EA1A20CC3D00B8387A /* UIViewController+ECSlidingViewController.m in Sources */ = {isa = PBXBuildFile; fileRef = 3DF675E31A20CC3D00B8387A /* UIViewController+ECSlidingViewController.m */; };
		3DF675EC1A20CDBD00B8387A /* MenuViewController.swift in Sources */ = {isa = PBXBuildFile; fileRef = 3DF675EB1A20CDBD00B8387A /* MenuViewController.swift */; };
		3DF675EE1A20CEBB00B8387A /* MenuSetupUITableViewController.swift in Sources */ = {isa = PBXBuildFile; fileRef = 3DF675ED1A20CEBB00B8387A /* MenuSetupUITableViewController.swift */; };
		3DF675F01A20CF0300B8387A /* MenuSetupUIViewController.swift in Sources */ = {isa = PBXBuildFile; fileRef = 3DF675EF1A20CF0300B8387A /* MenuSetupUIViewController.swift */; };
		87096DB61A41286F00AA1634 /* jens.jpg in Resources */ = {isa = PBXBuildFile; fileRef = 87096DB51A41286F00AA1634 /* jens.jpg */; };
		872F6E591A39194800949C8A /* ParentSplitViewController.swift in Sources */ = {isa = PBXBuildFile; fileRef = 872F6E581A39194800949C8A /* ParentSplitViewController.swift */; };
		874113AD1A1E7D600032BC6B /* MapKit.framework in Frameworks */ = {isa = PBXBuildFile; fileRef = 874113AC1A1E7D600032BC6B /* MapKit.framework */; };
		8746144F1A3E8A7C00162CD1 /* LogoutViewController.swift in Sources */ = {isa = PBXBuildFile; fileRef = 8746144E1A3E8A7C00162CD1 /* LogoutViewController.swift */; };
		87554E5C1A3D3F140093E1A4 /* NewsSplitViewController.swift in Sources */ = {isa = PBXBuildFile; fileRef = 87554E5B1A3D3F140093E1A4 /* NewsSplitViewController.swift */; };
		87853D001A24E76900EA4DB9 /* SettingsViewController.swift in Sources */ = {isa = PBXBuildFile; fileRef = 87853CFF1A24E76900EA4DB9 /* SettingsViewController.swift */; };
		87853D021A24E86300EA4DB9 /* NewsViewController.swift in Sources */ = {isa = PBXBuildFile; fileRef = 87853D011A24E86300EA4DB9 /* NewsViewController.swift */; };
		87853D041A2527D900EA4DB9 /* NewsItem.swift in Sources */ = {isa = PBXBuildFile; fileRef = 87853D031A2527D900EA4DB9 /* NewsItem.swift */; };
		87853D071A252D6A00EA4DB9 /* NewsItemViewController.swift in Sources */ = {isa = PBXBuildFile; fileRef = 87853D061A252D6A00EA4DB9 /* NewsItemViewController.swift */; };
		87853D091A252FE800EA4DB9 /* NewsCell.swift in Sources */ = {isa = PBXBuildFile; fileRef = 87853D081A252FE800EA4DB9 /* NewsCell.swift */; };
		879136E11A22AEA00074892A /* GooglePlaces.swift in Sources */ = {isa = PBXBuildFile; fileRef = 879136E01A22AEA00074892A /* GooglePlaces.swift */; };
		8798D7D41A2284CC0085C06F /* JOETZ.xcdatamodeld in Sources */ = {isa = PBXBuildFile; fileRef = 8798D7D21A2284CC0085C06F /* JOETZ.xcdatamodeld */; };
		87E3EDBC1A3F427C008FB274 /* ContactViewController.swift in Sources */ = {isa = PBXBuildFile; fileRef = 87E3EDBB1A3F427C008FB274 /* ContactViewController.swift */; };
		87E3EDBE1A3FB285008FB274 /* CacheService.swift in Sources */ = {isa = PBXBuildFile; fileRef = 87E3EDBD1A3FB285008FB274 /* CacheService.swift */; };
		AB0BB5D71A0D563500CB9F6F /* ParentTripCell.swift in Sources */ = {isa = PBXBuildFile; fileRef = AB0BB5D61A0D563500CB9F6F /* ParentTripCell.swift */; };
		AB138EE519F51B74007DB692 /* AppDelegate.swift in Sources */ = {isa = PBXBuildFile; fileRef = AB138EE419F51B74007DB692 /* AppDelegate.swift */; };
		AB138EE719F51B74007DB692 /* StartViewController.swift in Sources */ = {isa = PBXBuildFile; fileRef = AB138EE619F51B74007DB692 /* StartViewController.swift */; };
		AB138EEC19F51B74007DB692 /* Images.xcassets in Resources */ = {isa = PBXBuildFile; fileRef = AB138EEB19F51B74007DB692 /* Images.xcassets */; };
		AB138EEF19F51B74007DB692 /* LaunchScreen.xib in Resources */ = {isa = PBXBuildFile; fileRef = AB138EED19F51B74007DB692 /* LaunchScreen.xib */; };
		AB138EFB19F51B74007DB692 /* JOETZTests.swift in Sources */ = {isa = PBXBuildFile; fileRef = AB138EFA19F51B74007DB692 /* JOETZTests.swift */; };
		AB384AF31A12C3AC005C597A /* ChildTripViewController.swift in Sources */ = {isa = PBXBuildFile; fileRef = AB384AF21A12C3AC005C597A /* ChildTripViewController.swift */; };
		AB384AF51A12C48C005C597A /* ModelController.swift in Sources */ = {isa = PBXBuildFile; fileRef = AB384AF41A12C48C005C597A /* ModelController.swift */; };
		AB3C88971A3E70CC004BBF9F /* RegisterViewController.swift in Sources */ = {isa = PBXBuildFile; fileRef = AB3C88961A3E70CC004BBF9F /* RegisterViewController.swift */; };
		AB3C88991A3F4FE4004BBF9F /* LocksmithLogin.swift in Sources */ = {isa = PBXBuildFile; fileRef = AB3C88981A3F4FE4004BBF9F /* LocksmithLogin.swift */; };
		AB4C15E61A01948B0018876A /* LoginViewController.swift in Sources */ = {isa = PBXBuildFile; fileRef = AB4C15E51A01948B0018876A /* LoginViewController.swift */; };
		AB9CAD271A4106E300934BD2 /* EnrollViewController.swift in Sources */ = {isa = PBXBuildFile; fileRef = AB9CAD261A4106E300934BD2 /* EnrollViewController.swift */; };
		AB9FAA9B1A1E241100B857CE /* MapCell.swift in Sources */ = {isa = PBXBuildFile; fileRef = AB9FAA9A1A1E241100B857CE /* MapCell.swift */; };
		ABB11A831A0CEE5300BE6A88 /* FacebookSDK.framework in Frameworks */ = {isa = PBXBuildFile; fileRef = ABB11A821A0CEE5300BE6A88 /* FacebookSDK.framework */; };
		ABB339831A053CF100518CA2 /* Main.storyboard in Resources */ = {isa = PBXBuildFile; fileRef = AB138EE819F51B74007DB692 /* Main.storyboard */; };
		ABC787FD1A3FA10B000E84F8 /* MonitorViewController.swift in Sources */ = {isa = PBXBuildFile; fileRef = ABC787FC1A3FA10B000E84F8 /* MonitorViewController.swift */; };
		ABC787FF1A3FA36D000E84F8 /* Monitor.swift in Sources */ = {isa = PBXBuildFile; fileRef = ABC787FE1A3FA36D000E84F8 /* Monitor.swift */; };
		ABC788011A3FA3D5000E84F8 /* MonitorCell.swift in Sources */ = {isa = PBXBuildFile; fileRef = ABC788001A3FA3D5000E84F8 /* MonitorCell.swift */; };
		ABE776EA1A05241C0063AEDB /* JSON.swift in Sources */ = {isa = PBXBuildFile; fileRef = ABE776E91A05241C0063AEDB /* JSON.swift */; };
		ABE776EC1A0524500063AEDB /* Trip.swift in Sources */ = {isa = PBXBuildFile; fileRef = ABE776EB1A0524500063AEDB /* Trip.swift */; };
		ABE776F01A052FE00063AEDB /* ConnectionService.swift in Sources */ = {isa = PBXBuildFile; fileRef = ABE776EF1A052FE00063AEDB /* ConnectionService.swift */; };
		ABFEBA9B1A250D0F00FF4EA8 /* User.swift in Sources */ = {isa = PBXBuildFile; fileRef = ABFEBA9A1A250D0F00FF4EA8 /* User.swift */; };
/* End PBXBuildFile section */

/* Begin PBXContainerItemProxy section */
		AB138EF519F51B74007DB692 /* PBXContainerItemProxy */ = {
			isa = PBXContainerItemProxy;
			containerPortal = AB138ED719F51B74007DB692 /* Project object */;
			proxyType = 1;
			remoteGlobalIDString = AB138EDE19F51B74007DB692;
			remoteInfo = JOETZ;
		};
/* End PBXContainerItemProxy section */

/* Begin PBXFileReference section */
		3D16EC381A3EE4B5004C008D /* ChangePasswordViewController.swift */ = {isa = PBXFileReference; fileEncoding = 4; lastKnownFileType = sourcecode.swift; path = ChangePasswordViewController.swift; sourceTree = "<group>"; };
		3D16EC411A3EE4F1004C008D /* FormButtonCell.swift */ = {isa = PBXFileReference; fileEncoding = 4; lastKnownFileType = sourcecode.swift; path = FormButtonCell.swift; sourceTree = "<group>"; };
		3D16EC421A3EE4F1004C008D /* FormCheckCell.swift */ = {isa = PBXFileReference; fileEncoding = 4; lastKnownFileType = sourcecode.swift; path = FormCheckCell.swift; sourceTree = "<group>"; };
		3D16EC431A3EE4F1004C008D /* FormDateCell.swift */ = {isa = PBXFileReference; fileEncoding = 4; lastKnownFileType = sourcecode.swift; path = FormDateCell.swift; sourceTree = "<group>"; };
		3D16EC441A3EE4F1004C008D /* FormPickerCell.swift */ = {isa = PBXFileReference; fileEncoding = 4; lastKnownFileType = sourcecode.swift; path = FormPickerCell.swift; sourceTree = "<group>"; };
		3D16EC451A3EE4F1004C008D /* FormSegmentedControlCell.swift */ = {isa = PBXFileReference; fileEncoding = 4; lastKnownFileType = sourcecode.swift; path = FormSegmentedControlCell.swift; sourceTree = "<group>"; };
		3D16EC461A3EE4F1004C008D /* FormSelectorCell.swift */ = {isa = PBXFileReference; fileEncoding = 4; lastKnownFileType = sourcecode.swift; path = FormSelectorCell.swift; sourceTree = "<group>"; };
		3D16EC471A3EE4F1004C008D /* FormSwitchCell.swift */ = {isa = PBXFileReference; fileEncoding = 4; lastKnownFileType = sourcecode.swift; path = FormSwitchCell.swift; sourceTree = "<group>"; };
		3D16EC481A3EE4F1004C008D /* FormTextFieldCell.swift */ = {isa = PBXFileReference; fileEncoding = 4; lastKnownFileType = sourcecode.swift; path = FormTextFieldCell.swift; sourceTree = "<group>"; };
		3D16EC4A1A3EE4F2004C008D /* FormBaseCell.swift */ = {isa = PBXFileReference; fileEncoding = 4; lastKnownFileType = sourcecode.swift; path = FormBaseCell.swift; sourceTree = "<group>"; };
		3D16EC4B1A3EE4F2004C008D /* FormTitleCell.swift */ = {isa = PBXFileReference; fileEncoding = 4; lastKnownFileType = sourcecode.swift; path = FormTitleCell.swift; sourceTree = "<group>"; };
		3D16EC4C1A3EE4F2004C008D /* FormValueCell.swift */ = {isa = PBXFileReference; fileEncoding = 4; lastKnownFileType = sourcecode.swift; path = FormValueCell.swift; sourceTree = "<group>"; };
		3D16EC4E1A3EE4F2004C008D /* FormOptionsSelectorController.swift */ = {isa = PBXFileReference; fileEncoding = 4; lastKnownFileType = sourcecode.swift; path = FormOptionsSelectorController.swift; sourceTree = "<group>"; };
		3D16EC4F1A3EE4F2004C008D /* FormSelector.swift */ = {isa = PBXFileReference; fileEncoding = 4; lastKnownFileType = sourcecode.swift; path = FormSelector.swift; sourceTree = "<group>"; };
		3D16EC501A3EE4F2004C008D /* FormViewController.swift */ = {isa = PBXFileReference; fileEncoding = 4; lastKnownFileType = sourcecode.swift; path = FormViewController.swift; sourceTree = "<group>"; };
		3D16EC521A3EE4F2004C008D /* FormDescriptor.swift */ = {isa = PBXFileReference; fileEncoding = 4; lastKnownFileType = sourcecode.swift; path = FormDescriptor.swift; sourceTree = "<group>"; };
		3D16EC531A3EE4F2004C008D /* FormRowDescriptor.swift */ = {isa = PBXFileReference; fileEncoding = 4; lastKnownFileType = sourcecode.swift; path = FormRowDescriptor.swift; sourceTree = "<group>"; };
		3D16EC541A3EE4F2004C008D /* FormSectionDescriptor.swift */ = {isa = PBXFileReference; fileEncoding = 4; lastKnownFileType = sourcecode.swift; path = FormSectionDescriptor.swift; sourceTree = "<group>"; };
		3D16EC661A3EE9BC004C008D /* ChangeAccountDetailsViewController.swift */ = {isa = PBXFileReference; fileEncoding = 4; lastKnownFileType = sourcecode.swift; path = ChangeAccountDetailsViewController.swift; sourceTree = "<group>"; };
		3D16EC681A3EEA6A004C008D /* ChildrenFromParentViewController.swift */ = {isa = PBXFileReference; fileEncoding = 4; lastKnownFileType = sourcecode.swift; path = ChildrenFromParentViewController.swift; sourceTree = "<group>"; };
		3D16EC6A1A3EEA97004C008D /* ChangeChildDetailsViewController.swift */ = {isa = PBXFileReference; fileEncoding = 4; lastKnownFileType = sourcecode.swift; path = ChangeChildDetailsViewController.swift; sourceTree = "<group>"; };
		3D182AB51A0A7BD000E3E59F /* ParentTripsController.swift */ = {isa = PBXFileReference; fileEncoding = 4; lastKnownFileType = sourcecode.swift; path = ParentTripsController.swift; sourceTree = "<group>"; };
		3D182AB71A0A828300E3E59F /* ParentTripController.swift */ = {isa = PBXFileReference; fileEncoding = 4; lastKnownFileType = sourcecode.swift; path = ParentTripController.swift; sourceTree = "<group>"; };
		3D1AB2DB1A3DB32900FA1126 /* Locksmith.swift */ = {isa = PBXFileReference; fileEncoding = 4; lastKnownFileType = sourcecode.swift; path = Locksmith.swift; sourceTree = "<group>"; };
		3D1AB2DC1A3DB32900FA1126 /* LocksmithRequest.swift */ = {isa = PBXFileReference; fileEncoding = 4; lastKnownFileType = sourcecode.swift; path = LocksmithRequest.swift; sourceTree = "<group>"; };
		3D1AB2DF1A3DDA1200FA1126 /* AccountViewController.swift */ = {isa = PBXFileReference; fileEncoding = 4; lastKnownFileType = sourcecode.swift; path = AccountViewController.swift; sourceTree = "<group>"; };
		3D1EB9CE1A06992900C01F49 /* ChildTripController.swift */ = {isa = PBXFileReference; fileEncoding = 4; lastKnownFileType = sourcecode.swift; path = ChildTripController.swift; sourceTree = "<group>"; };
		3D3D0E6F1A2570AB00F51247 /* GlobalSettings.swift */ = {isa = PBXFileReference; fileEncoding = 4; lastKnownFileType = sourcecode.swift; path = GlobalSettings.swift; sourceTree = "<group>"; };
		3D56492A1A408613001138D4 /* Reachability.swift */ = {isa = PBXFileReference; fileEncoding = 4; lastKnownFileType = sourcecode.swift; path = Reachability.swift; sourceTree = "<group>"; };
		3D635BCC1A25399A00E3A8DF /* ImageCell.swift */ = {isa = PBXFileReference; fileEncoding = 4; lastKnownFileType = sourcecode.swift; path = ImageCell.swift; sourceTree = "<group>"; };
		3D7E547C1A25325000185BF5 /* ParentTripTabVC.swift */ = {isa = PBXFileReference; fileEncoding = 4; lastKnownFileType = sourcecode.swift; path = ParentTripTabVC.swift; sourceTree = "<group>"; };
		3D7E547E1A2535DE00185BF5 /* TripImageTabViewController.swift */ = {isa = PBXFileReference; fileEncoding = 4; lastKnownFileType = sourcecode.swift; path = TripImageTabViewController.swift; sourceTree = "<group>"; };
		3DBDB89B1A3F84070003C71F /* UserService.swift */ = {isa = PBXFileReference; fileEncoding = 4; lastKnownFileType = sourcecode.swift; path = UserService.swift; sourceTree = "<group>"; };
		3DCC8F301A3EF10700F4CEE5 /* AddChildToParentViewController.swift */ = {isa = PBXFileReference; fileEncoding = 4; lastKnownFileType = sourcecode.swift; path = AddChildToParentViewController.swift; sourceTree = "<group>"; };
		3DF675D31A20CC0400B8387A /* InitViewController.swift */ = {isa = PBXFileReference; fileEncoding = 4; lastKnownFileType = sourcecode.swift; path = InitViewController.swift; sourceTree = "<group>"; };
		3DF675D61A20CC3D00B8387A /* ECPercentDrivenInteractiveTransition.h */ = {isa = PBXFileReference; fileEncoding = 4; lastKnownFileType = sourcecode.c.h; path = ECPercentDrivenInteractiveTransition.h; sourceTree = "<group>"; };
		3DF675D71A20CC3D00B8387A /* ECPercentDrivenInteractiveTransition.m */ = {isa = PBXFileReference; fileEncoding = 4; lastKnownFileType = sourcecode.c.objc; path = ECPercentDrivenInteractiveTransition.m; sourceTree = "<group>"; };
		3DF675D81A20CC3D00B8387A /* ECSlidingAnimationController.h */ = {isa = PBXFileReference; fileEncoding = 4; lastKnownFileType = sourcecode.c.h; path = ECSlidingAnimationController.h; sourceTree = "<group>"; };
		3DF675D91A20CC3D00B8387A /* ECSlidingAnimationController.m */ = {isa = PBXFileReference; fileEncoding = 4; lastKnownFileType = sourcecode.c.objc; path = ECSlidingAnimationController.m; sourceTree = "<group>"; };
		3DF675DA1A20CC3D00B8387A /* ECSlidingConstants.h */ = {isa = PBXFileReference; fileEncoding = 4; lastKnownFileType = sourcecode.c.h; path = ECSlidingConstants.h; sourceTree = "<group>"; };
		3DF675DB1A20CC3D00B8387A /* ECSlidingInteractiveTransition.h */ = {isa = PBXFileReference; fileEncoding = 4; lastKnownFileType = sourcecode.c.h; path = ECSlidingInteractiveTransition.h; sourceTree = "<group>"; };
		3DF675DC1A20CC3D00B8387A /* ECSlidingInteractiveTransition.m */ = {isa = PBXFileReference; fileEncoding = 4; lastKnownFileType = sourcecode.c.objc; path = ECSlidingInteractiveTransition.m; sourceTree = "<group>"; };
		3DF675DD1A20CC3D00B8387A /* ECSlidingSegue.h */ = {isa = PBXFileReference; fileEncoding = 4; lastKnownFileType = sourcecode.c.h; path = ECSlidingSegue.h; sourceTree = "<group>"; };
		3DF675DE1A20CC3D00B8387A /* ECSlidingSegue.m */ = {isa = PBXFileReference; fileEncoding = 4; lastKnownFileType = sourcecode.c.objc; path = ECSlidingSegue.m; sourceTree = "<group>"; };
		3DF675DF1A20CC3D00B8387A /* ECSlidingViewController.h */ = {isa = PBXFileReference; fileEncoding = 4; lastKnownFileType = sourcecode.c.h; path = ECSlidingViewController.h; sourceTree = "<group>"; };
		3DF675E01A20CC3D00B8387A /* ECSlidingViewController.m */ = {isa = PBXFileReference; fileEncoding = 4; lastKnownFileType = sourcecode.c.objc; path = ECSlidingViewController.m; sourceTree = "<group>"; };
		3DF675E11A20CC3D00B8387A /* menuButton.png */ = {isa = PBXFileReference; lastKnownFileType = image.png; path = menuButton.png; sourceTree = "<group>"; };
		3DF675E21A20CC3D00B8387A /* UIViewController+ECSlidingViewController.h */ = {isa = PBXFileReference; fileEncoding = 4; lastKnownFileType = sourcecode.c.h; path = "UIViewController+ECSlidingViewController.h"; sourceTree = "<group>"; };
		3DF675E31A20CC3D00B8387A /* UIViewController+ECSlidingViewController.m */ = {isa = PBXFileReference; fileEncoding = 4; lastKnownFileType = sourcecode.c.objc; path = "UIViewController+ECSlidingViewController.m"; sourceTree = "<group>"; };
		3DF675EB1A20CDBD00B8387A /* MenuViewController.swift */ = {isa = PBXFileReference; fileEncoding = 4; lastKnownFileType = sourcecode.swift; path = MenuViewController.swift; sourceTree = "<group>"; };
		3DF675ED1A20CEBB00B8387A /* MenuSetupUITableViewController.swift */ = {isa = PBXFileReference; fileEncoding = 4; lastKnownFileType = sourcecode.swift; path = MenuSetupUITableViewController.swift; sourceTree = "<group>"; };
		3DF675EF1A20CF0300B8387A /* MenuSetupUIViewController.swift */ = {isa = PBXFileReference; fileEncoding = 4; lastKnownFileType = sourcecode.swift; path = MenuSetupUIViewController.swift; sourceTree = "<group>"; };
		87096DB51A41286F00AA1634 /* jens.jpg */ = {isa = PBXFileReference; lastKnownFileType = image.jpeg; path = jens.jpg; sourceTree = "<group>"; };
		872F6E581A39194800949C8A /* ParentSplitViewController.swift */ = {isa = PBXFileReference; fileEncoding = 4; lastKnownFileType = sourcecode.swift; path = ParentSplitViewController.swift; sourceTree = "<group>"; };
		874113AC1A1E7D600032BC6B /* MapKit.framework */ = {isa = PBXFileReference; lastKnownFileType = wrapper.framework; name = MapKit.framework; path = System/Library/Frameworks/MapKit.framework; sourceTree = SDKROOT; };
		8746144E1A3E8A7C00162CD1 /* LogoutViewController.swift */ = {isa = PBXFileReference; fileEncoding = 4; lastKnownFileType = sourcecode.swift; path = LogoutViewController.swift; sourceTree = "<group>"; };
		87554E5B1A3D3F140093E1A4 /* NewsSplitViewController.swift */ = {isa = PBXFileReference; fileEncoding = 4; lastKnownFileType = sourcecode.swift; path = NewsSplitViewController.swift; sourceTree = "<group>"; };
		87853CFF1A24E76900EA4DB9 /* SettingsViewController.swift */ = {isa = PBXFileReference; fileEncoding = 4; lastKnownFileType = sourcecode.swift; path = SettingsViewController.swift; sourceTree = "<group>"; };
		87853D011A24E86300EA4DB9 /* NewsViewController.swift */ = {isa = PBXFileReference; fileEncoding = 4; lastKnownFileType = sourcecode.swift; path = NewsViewController.swift; sourceTree = "<group>"; };
		87853D031A2527D900EA4DB9 /* NewsItem.swift */ = {isa = PBXFileReference; fileEncoding = 4; lastKnownFileType = sourcecode.swift; path = NewsItem.swift; sourceTree = "<group>"; };
		87853D061A252D6A00EA4DB9 /* NewsItemViewController.swift */ = {isa = PBXFileReference; fileEncoding = 4; lastKnownFileType = sourcecode.swift; path = NewsItemViewController.swift; sourceTree = "<group>"; };
		87853D081A252FE800EA4DB9 /* NewsCell.swift */ = {isa = PBXFileReference; fileEncoding = 4; lastKnownFileType = sourcecode.swift; path = NewsCell.swift; sourceTree = "<group>"; };
		879136E01A22AEA00074892A /* GooglePlaces.swift */ = {isa = PBXFileReference; fileEncoding = 4; lastKnownFileType = sourcecode.swift; path = GooglePlaces.swift; sourceTree = "<group>"; };
		8798D7D31A2284CC0085C06F /* JOETZ.xcdatamodel */ = {isa = PBXFileReference; lastKnownFileType = wrapper.xcdatamodel; path = JOETZ.xcdatamodel; sourceTree = "<group>"; };
		87E3EDBB1A3F427C008FB274 /* ContactViewController.swift */ = {isa = PBXFileReference; fileEncoding = 4; lastKnownFileType = sourcecode.swift; path = ContactViewController.swift; sourceTree = "<group>"; };
		87E3EDBD1A3FB285008FB274 /* CacheService.swift */ = {isa = PBXFileReference; fileEncoding = 4; lastKnownFileType = sourcecode.swift; path = CacheService.swift; sourceTree = "<group>"; };
		AB0BB5D61A0D563500CB9F6F /* ParentTripCell.swift */ = {isa = PBXFileReference; fileEncoding = 4; lastKnownFileType = sourcecode.swift; path = ParentTripCell.swift; sourceTree = "<group>"; };
		AB138EDF19F51B74007DB692 /* JOETZ.app */ = {isa = PBXFileReference; explicitFileType = wrapper.application; includeInIndex = 0; path = JOETZ.app; sourceTree = BUILT_PRODUCTS_DIR; };
		AB138EE319F51B74007DB692 /* Info.plist */ = {isa = PBXFileReference; lastKnownFileType = text.plist.xml; path = Info.plist; sourceTree = "<group>"; };
		AB138EE419F51B74007DB692 /* AppDelegate.swift */ = {isa = PBXFileReference; lastKnownFileType = sourcecode.swift; path = AppDelegate.swift; sourceTree = "<group>"; };
		AB138EE619F51B74007DB692 /* StartViewController.swift */ = {isa = PBXFileReference; lastKnownFileType = sourcecode.swift; path = StartViewController.swift; sourceTree = "<group>"; };
		AB138EE919F51B74007DB692 /* Base */ = {isa = PBXFileReference; lastKnownFileType = file.storyboard; name = Base; path = Base.lproj/Main.storyboard; sourceTree = "<group>"; };
		AB138EEB19F51B74007DB692 /* Images.xcassets */ = {isa = PBXFileReference; lastKnownFileType = folder.assetcatalog; path = Images.xcassets; sourceTree = "<group>"; };
		AB138EEE19F51B74007DB692 /* Base */ = {isa = PBXFileReference; lastKnownFileType = file.xib; name = Base; path = Base.lproj/LaunchScreen.xib; sourceTree = "<group>"; };
		AB138EF419F51B74007DB692 /* JOETZTests.xctest */ = {isa = PBXFileReference; explicitFileType = wrapper.cfbundle; includeInIndex = 0; path = JOETZTests.xctest; sourceTree = BUILT_PRODUCTS_DIR; };
		AB138EF919F51B74007DB692 /* Info.plist */ = {isa = PBXFileReference; lastKnownFileType = text.plist.xml; path = Info.plist; sourceTree = "<group>"; };
		AB138EFA19F51B74007DB692 /* JOETZTests.swift */ = {isa = PBXFileReference; lastKnownFileType = sourcecode.swift; path = JOETZTests.swift; sourceTree = "<group>"; };
		AB384AF21A12C3AC005C597A /* ChildTripViewController.swift */ = {isa = PBXFileReference; fileEncoding = 4; lastKnownFileType = sourcecode.swift; path = ChildTripViewController.swift; sourceTree = "<group>"; };
		AB384AF41A12C48C005C597A /* ModelController.swift */ = {isa = PBXFileReference; fileEncoding = 4; lastKnownFileType = sourcecode.swift; path = ModelController.swift; sourceTree = "<group>"; };
		AB3C88961A3E70CC004BBF9F /* RegisterViewController.swift */ = {isa = PBXFileReference; fileEncoding = 4; lastKnownFileType = sourcecode.swift; path = RegisterViewController.swift; sourceTree = "<group>"; };
		AB3C88981A3F4FE4004BBF9F /* LocksmithLogin.swift */ = {isa = PBXFileReference; fileEncoding = 4; lastKnownFileType = sourcecode.swift; path = LocksmithLogin.swift; sourceTree = "<group>"; };
		AB4C15E51A01948B0018876A /* LoginViewController.swift */ = {isa = PBXFileReference; fileEncoding = 4; lastKnownFileType = sourcecode.swift; path = LoginViewController.swift; sourceTree = "<group>"; };
		AB9CAD261A4106E300934BD2 /* EnrollViewController.swift */ = {isa = PBXFileReference; fileEncoding = 4; lastKnownFileType = sourcecode.swift; path = EnrollViewController.swift; sourceTree = "<group>"; };
		AB9FAA9A1A1E241100B857CE /* MapCell.swift */ = {isa = PBXFileReference; fileEncoding = 4; lastKnownFileType = sourcecode.swift; path = MapCell.swift; sourceTree = "<group>"; };
		ABB11A811A0CA23300BE6A88 /* Bridge-Header.h */ = {isa = PBXFileReference; lastKnownFileType = sourcecode.c.h; path = "Bridge-Header.h"; sourceTree = "<group>"; };
		ABB11A821A0CEE5300BE6A88 /* FacebookSDK.framework */ = {isa = PBXFileReference; lastKnownFileType = wrapper.framework; path = FacebookSDK.framework; sourceTree = "<group>"; };
		ABC787FC1A3FA10B000E84F8 /* MonitorViewController.swift */ = {isa = PBXFileReference; fileEncoding = 4; lastKnownFileType = sourcecode.swift; path = MonitorViewController.swift; sourceTree = "<group>"; };
		ABC787FE1A3FA36D000E84F8 /* Monitor.swift */ = {isa = PBXFileReference; fileEncoding = 4; lastKnownFileType = sourcecode.swift; path = Monitor.swift; sourceTree = "<group>"; };
		ABC788001A3FA3D5000E84F8 /* MonitorCell.swift */ = {isa = PBXFileReference; fileEncoding = 4; lastKnownFileType = sourcecode.swift; path = MonitorCell.swift; sourceTree = "<group>"; };
		ABE776E91A05241C0063AEDB /* JSON.swift */ = {isa = PBXFileReference; fileEncoding = 4; lastKnownFileType = sourcecode.swift; path = JSON.swift; sourceTree = "<group>"; };
		ABE776EB1A0524500063AEDB /* Trip.swift */ = {isa = PBXFileReference; fileEncoding = 4; lastKnownFileType = sourcecode.swift; path = Trip.swift; sourceTree = "<group>"; };
		ABE776EF1A052FE00063AEDB /* ConnectionService.swift */ = {isa = PBXFileReference; fileEncoding = 4; lastKnownFileType = sourcecode.swift; path = ConnectionService.swift; sourceTree = "<group>"; };
		ABFEBA9A1A250D0F00FF4EA8 /* User.swift */ = {isa = PBXFileReference; fileEncoding = 4; lastKnownFileType = sourcecode.swift; path = User.swift; sourceTree = "<group>"; };
/* End PBXFileReference section */

/* Begin PBXFrameworksBuildPhase section */
		AB138EDC19F51B74007DB692 /* Frameworks */ = {
			isa = PBXFrameworksBuildPhase;
			buildActionMask = 2147483647;
			files = (
				874113AD1A1E7D600032BC6B /* MapKit.framework in Frameworks */,
				ABB11A831A0CEE5300BE6A88 /* FacebookSDK.framework in Frameworks */,
			);
			runOnlyForDeploymentPostprocessing = 0;
		};
		AB138EF119F51B74007DB692 /* Frameworks */ = {
			isa = PBXFrameworksBuildPhase;
			buildActionMask = 2147483647;
			files = (
			);
			runOnlyForDeploymentPostprocessing = 0;
		};
/* End PBXFrameworksBuildPhase section */

/* Begin PBXGroup section */
		3D16EC3F1A3EE4F1004C008D /* SwiftForms */ = {
			isa = PBXGroup;
			children = (
				3D16EC401A3EE4F1004C008D /* cells */,
				3D16EC4D1A3EE4F2004C008D /* controllers */,
				3D16EC511A3EE4F2004C008D /* descriptors */,
			);
			path = SwiftForms;
			sourceTree = "<group>";
		};
		3D16EC401A3EE4F1004C008D /* cells */ = {
			isa = PBXGroup;
			children = (
				3D16EC411A3EE4F1004C008D /* FormButtonCell.swift */,
				3D16EC421A3EE4F1004C008D /* FormCheckCell.swift */,
				3D16EC431A3EE4F1004C008D /* FormDateCell.swift */,
				3D16EC441A3EE4F1004C008D /* FormPickerCell.swift */,
				3D16EC451A3EE4F1004C008D /* FormSegmentedControlCell.swift */,
				3D16EC461A3EE4F1004C008D /* FormSelectorCell.swift */,
				3D16EC471A3EE4F1004C008D /* FormSwitchCell.swift */,
				3D16EC481A3EE4F1004C008D /* FormTextFieldCell.swift */,
				3D16EC491A3EE4F1004C008D /* base */,
			);
			path = cells;
			sourceTree = "<group>";
		};
		3D16EC491A3EE4F1004C008D /* base */ = {
			isa = PBXGroup;
			children = (
				3D16EC4A1A3EE4F2004C008D /* FormBaseCell.swift */,
				3D16EC4B1A3EE4F2004C008D /* FormTitleCell.swift */,
				3D16EC4C1A3EE4F2004C008D /* FormValueCell.swift */,
			);
			path = base;
			sourceTree = "<group>";
		};
		3D16EC4D1A3EE4F2004C008D /* controllers */ = {
			isa = PBXGroup;
			children = (
				3D16EC4E1A3EE4F2004C008D /* FormOptionsSelectorController.swift */,
				3D16EC4F1A3EE4F2004C008D /* FormSelector.swift */,
				3D16EC501A3EE4F2004C008D /* FormViewController.swift */,
			);
			path = controllers;
			sourceTree = "<group>";
		};
		3D16EC511A3EE4F2004C008D /* descriptors */ = {
			isa = PBXGroup;
			children = (
				3D16EC521A3EE4F2004C008D /* FormDescriptor.swift */,
				3D16EC531A3EE4F2004C008D /* FormRowDescriptor.swift */,
				3D16EC541A3EE4F2004C008D /* FormSectionDescriptor.swift */,
			);
			path = descriptors;
			sourceTree = "<group>";
		};
		3D1AB2DA1A3DB2F600FA1126 /* Locksmith */ = {
			isa = PBXGroup;
			children = (
				3D1AB2DB1A3DB32900FA1126 /* Locksmith.swift */,
				3D1AB2DC1A3DB32900FA1126 /* LocksmithRequest.swift */,
				AB3C88981A3F4FE4004BBF9F /* LocksmithLogin.swift */,
			);
			name = Locksmith;
			sourceTree = "<group>";
		};
		3DE391AF1A40320100FF7312 /* Monitors */ = {
			isa = PBXGroup;
			children = (
				ABC787FC1A3FA10B000E84F8 /* MonitorViewController.swift */,
			);
			name = Monitors;
			sourceTree = "<group>";
		};
		3DF675D21A20CBE600B8387A /* Menu */ = {
			isa = PBXGroup;
			children = (
				3DF675D51A20CC3D00B8387A /* ECSlidingViewController */,
				3DF675EF1A20CF0300B8387A /* MenuSetupUIViewController.swift */,
				3DF675ED1A20CEBB00B8387A /* MenuSetupUITableViewController.swift */,
				3DF675EB1A20CDBD00B8387A /* MenuViewController.swift */,
			);
			name = Menu;
			sourceTree = "<group>";
		};
		3DF675D51A20CC3D00B8387A /* ECSlidingViewController */ = {
			isa = PBXGroup;
			children = (
				3DF675D61A20CC3D00B8387A /* ECPercentDrivenInteractiveTransition.h */,
				3DF675D71A20CC3D00B8387A /* ECPercentDrivenInteractiveTransition.m */,
				3DF675D81A20CC3D00B8387A /* ECSlidingAnimationController.h */,
				3DF675D91A20CC3D00B8387A /* ECSlidingAnimationController.m */,
				3DF675DA1A20CC3D00B8387A /* ECSlidingConstants.h */,
				3DF675DB1A20CC3D00B8387A /* ECSlidingInteractiveTransition.h */,
				3DF675DC1A20CC3D00B8387A /* ECSlidingInteractiveTransition.m */,
				3DF675DD1A20CC3D00B8387A /* ECSlidingSegue.h */,
				3DF675DE1A20CC3D00B8387A /* ECSlidingSegue.m */,
				3DF675DF1A20CC3D00B8387A /* ECSlidingViewController.h */,
				3DF675E01A20CC3D00B8387A /* ECSlidingViewController.m */,
				3DF675E11A20CC3D00B8387A /* menuButton.png */,
				3DF675E21A20CC3D00B8387A /* UIViewController+ECSlidingViewController.h */,
				3DF675E31A20CC3D00B8387A /* UIViewController+ECSlidingViewController.m */,
			);
			path = ECSlidingViewController;
			sourceTree = "<group>";
		};
		3DF675F11A20D93600B8387A /* Controllers */ = {
			isa = PBXGroup;
			children = (
				3DF675D31A20CC0400B8387A /* InitViewController.swift */,
				AB138EE619F51B74007DB692 /* StartViewController.swift */,
				87E3EDBB1A3F427C008FB274 /* ContactViewController.swift */,
				3DF675F51A20D9BE00B8387A /* Account */,
				3DF675F21A20D95E00B8387A /* ParentTrip */,
				3DF675F41A20D9A100B8387A /* ChildTrip */,
				87853D051A252D1C00EA4DB9 /* News */,
				3DE391AF1A40320100FF7312 /* Monitors */,
				3DF675D21A20CBE600B8387A /* Menu */,
			);
			name = Controllers;
			sourceTree = "<group>";
		};
		3DF675F21A20D95E00B8387A /* ParentTrip */ = {
			isa = PBXGroup;
			children = (
				3D182AB51A0A7BD000E3E59F /* ParentTripsController.swift */,
				3D7E547C1A25325000185BF5 /* ParentTripTabVC.swift */,
				3D182AB71A0A828300E3E59F /* ParentTripController.swift */,
				872F6E581A39194800949C8A /* ParentSplitViewController.swift */,
				3D7E547E1A2535DE00185BF5 /* TripImageTabViewController.swift */,
				AB9CAD261A4106E300934BD2 /* EnrollViewController.swift */,
			);
			name = ParentTrip;
			sourceTree = "<group>";
		};
		3DF675F31A20D98900B8387A /* Views */ = {
			isa = PBXGroup;
			children = (
				AB0BB5D61A0D563500CB9F6F /* ParentTripCell.swift */,
				AB9FAA9A1A1E241100B857CE /* MapCell.swift */,
				3D635BCC1A25399A00E3A8DF /* ImageCell.swift */,
				87853D081A252FE800EA4DB9 /* NewsCell.swift */,
				ABC788001A3FA3D5000E84F8 /* MonitorCell.swift */,
			);
			name = Views;
			sourceTree = "<group>";
		};
		3DF675F41A20D9A100B8387A /* ChildTrip */ = {
			isa = PBXGroup;
			children = (
				AB384AF41A12C48C005C597A /* ModelController.swift */,
				3D1EB9CE1A06992900C01F49 /* ChildTripController.swift */,
				AB384AF21A12C3AC005C597A /* ChildTripViewController.swift */,
			);
			name = ChildTrip;
			sourceTree = "<group>";
		};
		3DF675F51A20D9BE00B8387A /* Account */ = {
			isa = PBXGroup;
			children = (
				AB4C15E51A01948B0018876A /* LoginViewController.swift */,
				8746144E1A3E8A7C00162CD1 /* LogoutViewController.swift */,
				AB3C88961A3E70CC004BBF9F /* RegisterViewController.swift */,
				87853CFF1A24E76900EA4DB9 /* SettingsViewController.swift */,
				3D1AB2DF1A3DDA1200FA1126 /* AccountViewController.swift */,
				3D16EC381A3EE4B5004C008D /* ChangePasswordViewController.swift */,
				3DCC8F301A3EF10700F4CEE5 /* AddChildToParentViewController.swift */,
				3D16EC661A3EE9BC004C008D /* ChangeAccountDetailsViewController.swift */,
				3D16EC681A3EEA6A004C008D /* ChildrenFromParentViewController.swift */,
				3D16EC6A1A3EEA97004C008D /* ChangeChildDetailsViewController.swift */,
			);
			name = Account;
			sourceTree = "<group>";
		};
		3DF675F61A20D9E700B8387A /* Model */ = {
			isa = PBXGroup;
			children = (
				ABE776EB1A0524500063AEDB /* Trip.swift */,
				ABFEBA9A1A250D0F00FF4EA8 /* User.swift */,
				87853D031A2527D900EA4DB9 /* NewsItem.swift */,
				3D3D0E6F1A2570AB00F51247 /* GlobalSettings.swift */,
				ABC787FE1A3FA36D000E84F8 /* Monitor.swift */,
			);
			name = Model;
			sourceTree = "<group>";
		};
		87853D051A252D1C00EA4DB9 /* News */ = {
			isa = PBXGroup;
			children = (
				87853D011A24E86300EA4DB9 /* NewsViewController.swift */,
				87853D061A252D6A00EA4DB9 /* NewsItemViewController.swift */,
				87554E5B1A3D3F140093E1A4 /* NewsSplitViewController.swift */,
			);
			name = News;
			sourceTree = "<group>";
		};
		879136DF1A22AE790074892A /* Services */ = {
			isa = PBXGroup;
			children = (
				3D16EC3F1A3EE4F1004C008D /* SwiftForms */,
				3D1AB2DA1A3DB2F600FA1126 /* Locksmith */,
				ABE776EF1A052FE00063AEDB /* ConnectionService.swift */,
				ABE776E91A05241C0063AEDB /* JSON.swift */,
				879136E01A22AEA00074892A /* GooglePlaces.swift */,
				3DBDB89B1A3F84070003C71F /* UserService.swift */,
				87E3EDBD1A3FB285008FB274 /* CacheService.swift */,
				3D56492A1A408613001138D4 /* Reachability.swift */,
			);
			name = Services;
			sourceTree = "<group>";
		};
		AB138ED619F51B74007DB692 = {
			isa = PBXGroup;
			children = (
				874113AC1A1E7D600032BC6B /* MapKit.framework */,
				ABB11A821A0CEE5300BE6A88 /* FacebookSDK.framework */,
				AB138EE119F51B74007DB692 /* JOETZ */,
				AB138EF719F51B74007DB692 /* JOETZTests */,
				AB138EE019F51B74007DB692 /* Products */,
			);
			sourceTree = "<group>";
		};
		AB138EE019F51B74007DB692 /* Products */ = {
			isa = PBXGroup;
			children = (
				AB138EDF19F51B74007DB692 /* JOETZ.app */,
				AB138EF419F51B74007DB692 /* JOETZTests.xctest */,
			);
			name = Products;
			sourceTree = "<group>";
		};
		AB138EE119F51B74007DB692 /* JOETZ */ = {
			isa = PBXGroup;
			children = (
				3DF675F11A20D93600B8387A /* Controllers */,
				3DF675F31A20D98900B8387A /* Views */,
				3DF675F61A20D9E700B8387A /* Model */,
				879136DF1A22AE790074892A /* Services */,
				AB138EE419F51B74007DB692 /* AppDelegate.swift */,
				AB138EE819F51B74007DB692 /* Main.storyboard */,
				AB138EED19F51B74007DB692 /* LaunchScreen.xib */,
				AB138EEB19F51B74007DB692 /* Images.xcassets */,
				87096DB51A41286F00AA1634 /* jens.jpg */,
				8798D7D21A2284CC0085C06F /* JOETZ.xcdatamodeld */,
				AB138EE219F51B74007DB692 /* Supporting Files */,
				ABB11A811A0CA23300BE6A88 /* Bridge-Header.h */,
			);
			path = JOETZ;
			sourceTree = "<group>";
		};
		AB138EE219F51B74007DB692 /* Supporting Files */ = {
			isa = PBXGroup;
			children = (
				AB138EE319F51B74007DB692 /* Info.plist */,
			);
			name = "Supporting Files";
			sourceTree = "<group>";
		};
		AB138EF719F51B74007DB692 /* JOETZTests */ = {
			isa = PBXGroup;
			children = (
				AB138EFA19F51B74007DB692 /* JOETZTests.swift */,
				AB138EF819F51B74007DB692 /* Supporting Files */,
			);
			path = JOETZTests;
			sourceTree = "<group>";
		};
		AB138EF819F51B74007DB692 /* Supporting Files */ = {
			isa = PBXGroup;
			children = (
				AB138EF919F51B74007DB692 /* Info.plist */,
			);
			name = "Supporting Files";
			sourceTree = "<group>";
		};
/* End PBXGroup section */

/* Begin PBXNativeTarget section */
		AB138EDE19F51B74007DB692 /* JOETZ */ = {
			isa = PBXNativeTarget;
			buildConfigurationList = AB138EFE19F51B74007DB692 /* Build configuration list for PBXNativeTarget "JOETZ" */;
			buildPhases = (
				AB138EDB19F51B74007DB692 /* Sources */,
				AB138EDC19F51B74007DB692 /* Frameworks */,
				AB138EDD19F51B74007DB692 /* Resources */,
			);
			buildRules = (
			);
			dependencies = (
			);
			name = JOETZ;
			productName = JOETZ;
			productReference = AB138EDF19F51B74007DB692 /* JOETZ.app */;
			productType = "com.apple.product-type.application";
		};
		AB138EF319F51B74007DB692 /* JOETZTests */ = {
			isa = PBXNativeTarget;
			buildConfigurationList = AB138F0119F51B74007DB692 /* Build configuration list for PBXNativeTarget "JOETZTests" */;
			buildPhases = (
				AB138EF019F51B74007DB692 /* Sources */,
				AB138EF119F51B74007DB692 /* Frameworks */,
				AB138EF219F51B74007DB692 /* Resources */,
			);
			buildRules = (
			);
			dependencies = (
				AB138EF619F51B74007DB692 /* PBXTargetDependency */,
			);
			name = JOETZTests;
			productName = JOETZTests;
			productReference = AB138EF419F51B74007DB692 /* JOETZTests.xctest */;
			productType = "com.apple.product-type.bundle.unit-test";
		};
/* End PBXNativeTarget section */

/* Begin PBXProject section */
		AB138ED719F51B74007DB692 /* Project object */ = {
			isa = PBXProject;
			attributes = {
				LastUpgradeCheck = 0600;
				ORGANIZATIONNAME = "Groep 3D07";
				TargetAttributes = {
					AB138EDE19F51B74007DB692 = {
						CreatedOnToolsVersion = 6.0.1;
						SystemCapabilities = {
							com.apple.Maps.iOS = {
								enabled = 1;
							};
						};
					};
					AB138EF319F51B74007DB692 = {
						CreatedOnToolsVersion = 6.0.1;
						TestTargetID = AB138EDE19F51B74007DB692;
					};
				};
			};
			buildConfigurationList = AB138EDA19F51B74007DB692 /* Build configuration list for PBXProject "JOETZ" */;
			compatibilityVersion = "Xcode 3.2";
			developmentRegion = English;
			hasScannedForEncodings = 0;
			knownRegions = (
				en,
				Base,
			);
			mainGroup = AB138ED619F51B74007DB692;
			productRefGroup = AB138EE019F51B74007DB692 /* Products */;
			projectDirPath = "";
			projectRoot = "";
			targets = (
				AB138EDE19F51B74007DB692 /* JOETZ */,
				AB138EF319F51B74007DB692 /* JOETZTests */,
			);
		};
/* End PBXProject section */

/* Begin PBXResourcesBuildPhase section */
		AB138EDD19F51B74007DB692 /* Resources */ = {
			isa = PBXResourcesBuildPhase;
			buildActionMask = 2147483647;
			files = (
				ABB339831A053CF100518CA2 /* Main.storyboard in Resources */,
				87096DB61A41286F00AA1634 /* jens.jpg in Resources */,
				3DF675E91A20CC3D00B8387A /* menuButton.png in Resources */,
				AB138EEF19F51B74007DB692 /* LaunchScreen.xib in Resources */,
				AB138EEC19F51B74007DB692 /* Images.xcassets in Resources */,
			);
			runOnlyForDeploymentPostprocessing = 0;
		};
		AB138EF219F51B74007DB692 /* Resources */ = {
			isa = PBXResourcesBuildPhase;
			buildActionMask = 2147483647;
			files = (
			);
			runOnlyForDeploymentPostprocessing = 0;
		};
/* End PBXResourcesBuildPhase section */

/* Begin PBXSourcesBuildPhase section */
		AB138EDB19F51B74007DB692 /* Sources */ = {
			isa = PBXSourcesBuildPhase;
			buildActionMask = 2147483647;
			files = (
				3D16EC561A3EE4F2004C008D /* FormCheckCell.swift in Sources */,
				ABC787FF1A3FA36D000E84F8 /* Monitor.swift in Sources */,
				3D16EC671A3EE9BC004C008D /* ChangeAccountDetailsViewController.swift in Sources */,
				3D16EC5C1A3EE4F2004C008D /* FormTextFieldCell.swift in Sources */,
				ABE776F01A052FE00063AEDB /* ConnectionService.swift in Sources */,
				3D182AB81A0A828300E3E59F /* ParentTripController.swift in Sources */,
				3D16EC631A3EE4F2004C008D /* FormDescriptor.swift in Sources */,
				3D16EC5E1A3EE4F2004C008D /* FormTitleCell.swift in Sources */,
				3DF675EE1A20CEBB00B8387A /* MenuSetupUITableViewController.swift in Sources */,
				3D16EC611A3EE4F2004C008D /* FormSelector.swift in Sources */,
				3D16EC551A3EE4F2004C008D /* FormButtonCell.swift in Sources */,
				3D16EC3D1A3EE4B5004C008D /* ChangePasswordViewController.swift in Sources */,
				AB3C88991A3F4FE4004BBF9F /* LocksmithLogin.swift in Sources */,
				3D3D0E701A2570AB00F51247 /* GlobalSettings.swift in Sources */,
				3D56492B1A408613001138D4 /* Reachability.swift in Sources */,
				ABC788011A3FA3D5000E84F8 /* MonitorCell.swift in Sources */,
				3DF675E81A20CC3D00B8387A /* ECSlidingViewController.m in Sources */,
				ABE776EA1A05241C0063AEDB /* JSON.swift in Sources */,
				ABFEBA9B1A250D0F00FF4EA8 /* User.swift in Sources */,
				87853D041A2527D900EA4DB9 /* NewsItem.swift in Sources */,
				3D16EC601A3EE4F2004C008D /* FormOptionsSelectorController.swift in Sources */,
				AB0BB5D71A0D563500CB9F6F /* ParentTripCell.swift in Sources */,
				8746144F1A3E8A7C00162CD1 /* LogoutViewController.swift in Sources */,
				3D7E547D1A25325000185BF5 /* ParentTripTabVC.swift in Sources */,
				AB9CAD271A4106E300934BD2 /* EnrollViewController.swift in Sources */,
				3D16EC621A3EE4F2004C008D /* FormViewController.swift in Sources */,
				AB4C15E61A01948B0018876A /* LoginViewController.swift in Sources */,
				87554E5C1A3D3F140093E1A4 /* NewsSplitViewController.swift in Sources */,
				3D7E547F1A2535DE00185BF5 /* TripImageTabViewController.swift in Sources */,
				3D16EC691A3EEA6A004C008D /* ChildrenFromParentViewController.swift in Sources */,
				3D16EC571A3EE4F2004C008D /* FormDateCell.swift in Sources */,
				87853D091A252FE800EA4DB9 /* NewsCell.swift in Sources */,
				3DF675E61A20CC3D00B8387A /* ECSlidingInteractiveTransition.m in Sources */,
				3DF675D41A20CC0400B8387A /* InitViewController.swift in Sources */,
				3D1AB2DE1A3DB32900FA1126 /* LocksmithRequest.swift in Sources */,
				AB384AF51A12C48C005C597A /* ModelController.swift in Sources */,
				87853D071A252D6A00EA4DB9 /* NewsItemViewController.swift in Sources */,
				87853D021A24E86300EA4DB9 /* NewsViewController.swift in Sources */,
				3DCC8F311A3EF10700F4CEE5 /* AddChildToParentViewController.swift in Sources */,
				3DF675EA1A20CC3D00B8387A /* UIViewController+ECSlidingViewController.m in Sources */,
				3DF675F01A20CF0300B8387A /* MenuSetupUIViewController.swift in Sources */,
				3D16EC591A3EE4F2004C008D /* FormSegmentedControlCell.swift in Sources */,
				8798D7D41A2284CC0085C06F /* JOETZ.xcdatamodeld in Sources */,
				87E3EDBE1A3FB285008FB274 /* CacheService.swift in Sources */,
				3D182AB61A0A7BD000E3E59F /* ParentTripsController.swift in Sources */,
				3DF675E71A20CC3D00B8387A /* ECSlidingSegue.m in Sources */,
				AB384AF31A12C3AC005C597A /* ChildTripViewController.swift in Sources */,
				3D1AB2E01A3DDA1200FA1126 /* AccountViewController.swift in Sources */,
				3DF675E41A20CC3D00B8387A /* ECPercentDrivenInteractiveTransition.m in Sources */,
				AB138EE719F51B74007DB692 /* StartViewController.swift in Sources */,
				3DF675E51A20CC3D00B8387A /* ECSlidingAnimationController.m in Sources */,
				3D16EC5A1A3EE4F2004C008D /* FormSelectorCell.swift in Sources */,
				872F6E591A39194800949C8A /* ParentSplitViewController.swift in Sources */,
				ABE776EC1A0524500063AEDB /* Trip.swift in Sources */,
				3D16EC6B1A3EEA97004C008D /* ChangeChildDetailsViewController.swift in Sources */,
				3DBDB89C1A3F84070003C71F /* UserService.swift in Sources */,
				AB138EE519F51B74007DB692 /* AppDelegate.swift in Sources */,
				3D16EC5F1A3EE4F2004C008D /* FormValueCell.swift in Sources */,
				3D635BCD1A25399A00E3A8DF /* ImageCell.swift in Sources */,
				879136E11A22AEA00074892A /* GooglePlaces.swift in Sources */,
				3D1EB9CF1A06992900C01F49 /* ChildTripController.swift in Sources */,
				87E3EDBC1A3F427C008FB274 /* ContactViewController.swift in Sources */,
				AB9FAA9B1A1E241100B857CE /* MapCell.swift in Sources */,
				3D16EC5B1A3EE4F2004C008D /* FormSwitchCell.swift in Sources */,
				3D16EC581A3EE4F2004C008D /* FormPickerCell.swift in Sources */,
				3D16EC641A3EE4F2004C008D /* FormRowDescriptor.swift in Sources */,
				ABC787FD1A3FA10B000E84F8 /* MonitorViewController.swift in Sources */,
				3DF675EC1A20CDBD00B8387A /* MenuViewController.swift in Sources */,
				AB3C88971A3E70CC004BBF9F /* RegisterViewController.swift in Sources */,
				3D1AB2DD1A3DB32900FA1126 /* Locksmith.swift in Sources */,
				3D16EC651A3EE4F2004C008D /* FormSectionDescriptor.swift in Sources */,
				3D16EC5D1A3EE4F2004C008D /* FormBaseCell.swift in Sources */,
				87853D001A24E76900EA4DB9 /* SettingsViewController.swift in Sources */,
			);
			runOnlyForDeploymentPostprocessing = 0;
		};
		AB138EF019F51B74007DB692 /* Sources */ = {
			isa = PBXSourcesBuildPhase;
			buildActionMask = 2147483647;
			files = (
				AB138EFB19F51B74007DB692 /* JOETZTests.swift in Sources */,
			);
			runOnlyForDeploymentPostprocessing = 0;
		};
/* End PBXSourcesBuildPhase section */

/* Begin PBXTargetDependency section */
		AB138EF619F51B74007DB692 /* PBXTargetDependency */ = {
			isa = PBXTargetDependency;
			target = AB138EDE19F51B74007DB692 /* JOETZ */;
			targetProxy = AB138EF519F51B74007DB692 /* PBXContainerItemProxy */;
		};
/* End PBXTargetDependency section */

/* Begin PBXVariantGroup section */
		AB138EE819F51B74007DB692 /* Main.storyboard */ = {
			isa = PBXVariantGroup;
			children = (
				AB138EE919F51B74007DB692 /* Base */,
			);
			name = Main.storyboard;
			sourceTree = "<group>";
		};
		AB138EED19F51B74007DB692 /* LaunchScreen.xib */ = {
			isa = PBXVariantGroup;
			children = (
				AB138EEE19F51B74007DB692 /* Base */,
			);
			name = LaunchScreen.xib;
			sourceTree = "<group>";
		};
/* End PBXVariantGroup section */

/* Begin XCBuildConfiguration section */
		AB138EFC19F51B74007DB692 /* Debug */ = {
			isa = XCBuildConfiguration;
			buildSettings = {
				ALWAYS_SEARCH_USER_PATHS = NO;
				CLANG_CXX_LANGUAGE_STANDARD = "gnu++0x";
				CLANG_CXX_LIBRARY = "libc++";
				CLANG_ENABLE_MODULES = YES;
				CLANG_ENABLE_OBJC_ARC = YES;
				CLANG_WARN_BOOL_CONVERSION = YES;
				CLANG_WARN_CONSTANT_CONVERSION = YES;
				CLANG_WARN_DIRECT_OBJC_ISA_USAGE = YES_ERROR;
				CLANG_WARN_EMPTY_BODY = YES;
				CLANG_WARN_ENUM_CONVERSION = YES;
				CLANG_WARN_INT_CONVERSION = YES;
				CLANG_WARN_OBJC_ROOT_CLASS = YES_ERROR;
				CLANG_WARN_UNREACHABLE_CODE = YES;
				CLANG_WARN__DUPLICATE_METHOD_MATCH = YES;
				"CODE_SIGN_IDENTITY[sdk=iphoneos*]" = "iPhone Developer";
				COPY_PHASE_STRIP = NO;
				ENABLE_STRICT_OBJC_MSGSEND = YES;
				GCC_C_LANGUAGE_STANDARD = gnu99;
				GCC_DYNAMIC_NO_PIC = NO;
				GCC_OPTIMIZATION_LEVEL = 0;
				GCC_PREPROCESSOR_DEFINITIONS = (
					"DEBUG=1",
					"$(inherited)",
				);
				GCC_SYMBOLS_PRIVATE_EXTERN = NO;
				GCC_WARN_64_TO_32_BIT_CONVERSION = YES;
				GCC_WARN_ABOUT_RETURN_TYPE = YES_ERROR;
				GCC_WARN_UNDECLARED_SELECTOR = YES;
				GCC_WARN_UNINITIALIZED_AUTOS = YES_AGGRESSIVE;
				GCC_WARN_UNUSED_FUNCTION = YES;
				GCC_WARN_UNUSED_VARIABLE = YES;
				IPHONEOS_DEPLOYMENT_TARGET = 8.0;
				MTL_ENABLE_DEBUG_INFO = YES;
				ONLY_ACTIVE_ARCH = YES;
				SDKROOT = iphoneos;
				SWIFT_OPTIMIZATION_LEVEL = "-Onone";
				TARGETED_DEVICE_FAMILY = "1,2";
			};
			name = Debug;
		};
		AB138EFD19F51B74007DB692 /* Release */ = {
			isa = XCBuildConfiguration;
			buildSettings = {
				ALWAYS_SEARCH_USER_PATHS = NO;
				CLANG_CXX_LANGUAGE_STANDARD = "gnu++0x";
				CLANG_CXX_LIBRARY = "libc++";
				CLANG_ENABLE_MODULES = YES;
				CLANG_ENABLE_OBJC_ARC = YES;
				CLANG_WARN_BOOL_CONVERSION = YES;
				CLANG_WARN_CONSTANT_CONVERSION = YES;
				CLANG_WARN_DIRECT_OBJC_ISA_USAGE = YES_ERROR;
				CLANG_WARN_EMPTY_BODY = YES;
				CLANG_WARN_ENUM_CONVERSION = YES;
				CLANG_WARN_INT_CONVERSION = YES;
				CLANG_WARN_OBJC_ROOT_CLASS = YES_ERROR;
				CLANG_WARN_UNREACHABLE_CODE = YES;
				CLANG_WARN__DUPLICATE_METHOD_MATCH = YES;
				"CODE_SIGN_IDENTITY[sdk=iphoneos*]" = "iPhone Developer";
				COPY_PHASE_STRIP = YES;
				ENABLE_NS_ASSERTIONS = NO;
				ENABLE_STRICT_OBJC_MSGSEND = YES;
				GCC_C_LANGUAGE_STANDARD = gnu99;
				GCC_WARN_64_TO_32_BIT_CONVERSION = YES;
				GCC_WARN_ABOUT_RETURN_TYPE = YES_ERROR;
				GCC_WARN_UNDECLARED_SELECTOR = YES;
				GCC_WARN_UNINITIALIZED_AUTOS = YES_AGGRESSIVE;
				GCC_WARN_UNUSED_FUNCTION = YES;
				GCC_WARN_UNUSED_VARIABLE = YES;
				IPHONEOS_DEPLOYMENT_TARGET = 8.0;
				MTL_ENABLE_DEBUG_INFO = NO;
				SDKROOT = iphoneos;
				TARGETED_DEVICE_FAMILY = "1,2";
				VALIDATE_PRODUCT = YES;
			};
			name = Release;
		};
		AB138EFF19F51B74007DB692 /* Debug */ = {
			isa = XCBuildConfiguration;
			buildSettings = {
				ASSETCATALOG_COMPILER_APPICON_NAME = AppIcon;
				FRAMEWORK_SEARCH_PATHS = (
					"$(inherited)",
					"$(PROJECT_DIR)",
				);
				INFOPLIST_FILE = JOETZ/Info.plist;
				IPHONEOS_DEPLOYMENT_TARGET = 7.0;
				LD_RUNPATH_SEARCH_PATHS = "$(inherited) @executable_path/Frameworks";
				PRODUCT_NAME = "$(TARGET_NAME)";
				SWIFT_OBJC_BRIDGING_HEADER = "JOETZ/Bridge-Header.h";
			};
			name = Debug;
		};
		AB138F0019F51B74007DB692 /* Release */ = {
			isa = XCBuildConfiguration;
			buildSettings = {
				ASSETCATALOG_COMPILER_APPICON_NAME = AppIcon;
				FRAMEWORK_SEARCH_PATHS = (
					"$(inherited)",
					"$(PROJECT_DIR)",
				);
				INFOPLIST_FILE = JOETZ/Info.plist;
				IPHONEOS_DEPLOYMENT_TARGET = 7.0;
				LD_RUNPATH_SEARCH_PATHS = "$(inherited) @executable_path/Frameworks";
				PRODUCT_NAME = "$(TARGET_NAME)";
				SWIFT_OBJC_BRIDGING_HEADER = "JOETZ/Bridge-Header.h";
			};
			name = Release;
		};
		AB138F0219F51B74007DB692 /* Debug */ = {
			isa = XCBuildConfiguration;
			buildSettings = {
				BUNDLE_LOADER = "$(TEST_HOST)";
				FRAMEWORK_SEARCH_PATHS = (
					"$(SDKROOT)/Developer/Library/Frameworks",
					"$(inherited)",
				);
				GCC_PREPROCESSOR_DEFINITIONS = (
					"DEBUG=1",
					"$(inherited)",
				);
				INFOPLIST_FILE = JOETZTests/Info.plist;
				LD_RUNPATH_SEARCH_PATHS = "$(inherited) @executable_path/Frameworks @loader_path/Frameworks";
				PRODUCT_NAME = "$(TARGET_NAME)";
				TEST_HOST = "$(BUILT_PRODUCTS_DIR)/JOETZ.app/JOETZ";
			};
			name = Debug;
		};
		AB138F0319F51B74007DB692 /* Release */ = {
			isa = XCBuildConfiguration;
			buildSettings = {
				BUNDLE_LOADER = "$(TEST_HOST)";
				FRAMEWORK_SEARCH_PATHS = (
					"$(SDKROOT)/Developer/Library/Frameworks",
					"$(inherited)",
				);
				INFOPLIST_FILE = JOETZTests/Info.plist;
				LD_RUNPATH_SEARCH_PATHS = "$(inherited) @executable_path/Frameworks @loader_path/Frameworks";
				PRODUCT_NAME = "$(TARGET_NAME)";
				TEST_HOST = "$(BUILT_PRODUCTS_DIR)/JOETZ.app/JOETZ";
			};
			name = Release;
		};
/* End XCBuildConfiguration section */

/* Begin XCConfigurationList section */
		AB138EDA19F51B74007DB692 /* Build configuration list for PBXProject "JOETZ" */ = {
			isa = XCConfigurationList;
			buildConfigurations = (
				AB138EFC19F51B74007DB692 /* Debug */,
				AB138EFD19F51B74007DB692 /* Release */,
			);
			defaultConfigurationIsVisible = 0;
			defaultConfigurationName = Release;
		};
		AB138EFE19F51B74007DB692 /* Build configuration list for PBXNativeTarget "JOETZ" */ = {
			isa = XCConfigurationList;
			buildConfigurations = (
				AB138EFF19F51B74007DB692 /* Debug */,
				AB138F0019F51B74007DB692 /* Release */,
			);
			defaultConfigurationIsVisible = 0;
			defaultConfigurationName = Release;
		};
		AB138F0119F51B74007DB692 /* Build configuration list for PBXNativeTarget "JOETZTests" */ = {
			isa = XCConfigurationList;
			buildConfigurations = (
				AB138F0219F51B74007DB692 /* Debug */,
				AB138F0319F51B74007DB692 /* Release */,
			);
			defaultConfigurationIsVisible = 0;
			defaultConfigurationName = Release;
		};
/* End XCConfigurationList section */

/* Begin XCVersionGroup section */
		8798D7D21A2284CC0085C06F /* JOETZ.xcdatamodeld */ = {
			isa = XCVersionGroup;
			children = (
				8798D7D31A2284CC0085C06F /* JOETZ.xcdatamodel */,
			);
			currentVersion = 8798D7D31A2284CC0085C06F /* JOETZ.xcdatamodel */;
			path = JOETZ.xcdatamodeld;
			sourceTree = "<group>";
			versionGroupType = wrapper.xcdatamodel;
		};
/* End XCVersionGroup section */
	};
	rootObject = AB138ED719F51B74007DB692 /* Project object */;
}
