// !$*UTF8*$!
{
	archiveVersion = 1;
	classes = {
	};
	objectVersion = 46;
	objects = {

/* Begin PBXBuildFile section */
		3D182AB61A0A7BD000E3E59F /* ParentTripsController.swift in Sources */ = {isa = PBXBuildFile; fileRef = 3D182AB51A0A7BD000E3E59F /* ParentTripsController.swift */; };
		3D182AB81A0A828300E3E59F /* ParentTripController.swift in Sources */ = {isa = PBXBuildFile; fileRef = 3D182AB71A0A828300E3E59F /* ParentTripController.swift */; };
		3D1EB9CF1A06992900C01F49 /* ChildTripController.swift in Sources */ = {isa = PBXBuildFile; fileRef = 3D1EB9CE1A06992900C01F49 /* ChildTripController.swift */; };
		3DF675D41A20CC0400B8387A /* InitViewController.swift in Sources */ = {isa = PBXBuildFile; fileRef = 3DF675D31A20CC0400B8387A /* InitViewController.swift */; };
		3DF675E41A20CC3D00B8387A /* ECPercentDrivenInteractiveTransition.m in Sources */ = {isa = PBXBuildFile; fileRef = 3DF675D71A20CC3D00B8387A /* ECPercentDrivenInteractiveTransition.m */; };
		3DF675E51A20CC3D00B8387A /* ECSlidingAnimationController.m in Sources */ = {isa = PBXBuildFile; fileRef = 3DF675D91A20CC3D00B8387A /* ECSlidingAnimationController.m */; };
		3DF675E61A20CC3D00B8387A /* ECSlidingInteractiveTransition.m in Sources */ = {isa = PBXBuildFile; fileRef = 3DF675DC1A20CC3D00B8387A /* ECSlidingInteractiveTransition.m */; };
		3DF675E71A20CC3D00B8387A /* ECSlidingSegue.m in Sources */ = {isa = PBXBuildFile; fileRef = 3DF675DE1A20CC3D00B8387A /* ECSlidingSegue.m */; };
		3DF675E81A20CC3D00B8387A /* ECSlidingViewController.m in Sources */ = {isa = PBXBuildFile; fileRef = 3DF675E01A20CC3D00B8387A /* ECSlidingViewController.m */; };
		3DF675E91A20CC3D00B8387A /* menuButton.png in Resources */ = {isa = PBXBuildFile; fileRef = 3DF675E11A20CC3D00B8387A /* menuButton.png */; };
		3DF675EA1A20CC3D00B8387A /* UIViewController+ECSlidingViewController.m in Sources */ = {isa = PBXBuildFile; fileRef = 3DF675E31A20CC3D00B8387A /* UIViewController+ECSlidingViewController.m */; };
		3DF675EC1A20CDBD00B8387A /* MenuViewController.swift in Sources */ = {isa = PBXBuildFile; fileRef = 3DF675EB1A20CDBD00B8387A /* MenuViewController.swift */; };
		3DF675EE1A20CEBB00B8387A /* MenuSetupUITableViewController.swift in Sources */ = {isa = PBXBuildFile; fileRef = 3DF675ED1A20CEBB00B8387A /* MenuSetupUITableViewController.swift */; };
		3DF675F01A20CF0300B8387A /* MenuSetupUIViewController.swift in Sources */ = {isa = PBXBuildFile; fileRef = 3DF675EF1A20CF0300B8387A /* MenuSetupUIViewController.swift */; };
		874113AD1A1E7D600032BC6B /* MapKit.framework in Frameworks */ = {isa = PBXBuildFile; fileRef = 874113AC1A1E7D600032BC6B /* MapKit.framework */; };
		AB0387461A16B3A600F11FCF /* Vragen.txt in Resources */ = {isa = PBXBuildFile; fileRef = AB0387451A16B3A600F11FCF /* Vragen.txt */; };
		AB0BB5D71A0D563500CB9F6F /* ParentTripCell.swift in Sources */ = {isa = PBXBuildFile; fileRef = AB0BB5D61A0D563500CB9F6F /* ParentTripCell.swift */; };
		AB138EE519F51B74007DB692 /* AppDelegate.swift in Sources */ = {isa = PBXBuildFile; fileRef = AB138EE419F51B74007DB692 /* AppDelegate.swift */; };
		AB138EE719F51B74007DB692 /* StartViewController.swift in Sources */ = {isa = PBXBuildFile; fileRef = AB138EE619F51B74007DB692 /* StartViewController.swift */; };
		AB138EEC19F51B74007DB692 /* Images.xcassets in Resources */ = {isa = PBXBuildFile; fileRef = AB138EEB19F51B74007DB692 /* Images.xcassets */; };
		AB138EEF19F51B74007DB692 /* LaunchScreen.xib in Resources */ = {isa = PBXBuildFile; fileRef = AB138EED19F51B74007DB692 /* LaunchScreen.xib */; };
		AB138EFB19F51B74007DB692 /* JOETZTests.swift in Sources */ = {isa = PBXBuildFile; fileRef = AB138EFA19F51B74007DB692 /* JOETZTests.swift */; };
		AB384AF31A12C3AC005C597A /* ChildTripViewController.swift in Sources */ = {isa = PBXBuildFile; fileRef = AB384AF21A12C3AC005C597A /* ChildTripViewController.swift */; };
		AB384AF51A12C48C005C597A /* ModelController.swift in Sources */ = {isa = PBXBuildFile; fileRef = AB384AF41A12C48C005C597A /* ModelController.swift */; };
		AB4C15E61A01948B0018876A /* LoginViewController.swift in Sources */ = {isa = PBXBuildFile; fileRef = AB4C15E51A01948B0018876A /* LoginViewController.swift */; };
		AB9FAA991A1E23C200B857CE /* ImageCell.swift in Sources */ = {isa = PBXBuildFile; fileRef = AB9FAA981A1E23C200B857CE /* ImageCell.swift */; };
		AB9FAA9B1A1E241100B857CE /* MapCell.swift in Sources */ = {isa = PBXBuildFile; fileRef = AB9FAA9A1A1E241100B857CE /* MapCell.swift */; };
		ABB11A831A0CEE5300BE6A88 /* FacebookSDK.framework in Frameworks */ = {isa = PBXBuildFile; fileRef = ABB11A821A0CEE5300BE6A88 /* FacebookSDK.framework */; };
		ABB339831A053CF100518CA2 /* Main.storyboard in Resources */ = {isa = PBXBuildFile; fileRef = AB138EE819F51B74007DB692 /* Main.storyboard */; };
		ABE776EA1A05241C0063AEDB /* JSON.swift in Sources */ = {isa = PBXBuildFile; fileRef = ABE776E91A05241C0063AEDB /* JSON.swift */; };
		ABE776EC1A0524500063AEDB /* Trip.swift in Sources */ = {isa = PBXBuildFile; fileRef = ABE776EB1A0524500063AEDB /* Trip.swift */; };
		ABE776F01A052FE00063AEDB /* ConnectionService.swift in Sources */ = {isa = PBXBuildFile; fileRef = ABE776EF1A052FE00063AEDB /* ConnectionService.swift */; };
/* End PBXBuildFile section */

/* Begin PBXContainerItemProxy section */
		AB138EF519F51B74007DB692 /* PBXContainerItemProxy */ = {
			isa = PBXContainerItemProxy;
			containerPortal = AB138ED719F51B74007DB692 /* Project object */;
			proxyType = 1;
			remoteGlobalIDString = AB138EDE19F51B74007DB692;
			remoteInfo = JOETZ;
		};
/* End PBXContainerItemProxy section */

/* Begin PBXFileReference section */
		3D182AB51A0A7BD000E3E59F /* ParentTripsController.swift */ = {isa = PBXFileReference; fileEncoding = 4; lastKnownFileType = sourcecode.swift; path = ParentTripsController.swift; sourceTree = "<group>"; };
		3D182AB71A0A828300E3E59F /* ParentTripController.swift */ = {isa = PBXFileReference; fileEncoding = 4; lastKnownFileType = sourcecode.swift; path = ParentTripController.swift; sourceTree = "<group>"; };
		3D1EB9CE1A06992900C01F49 /* ChildTripController.swift */ = {isa = PBXFileReference; fileEncoding = 4; lastKnownFileType = sourcecode.swift; path = ChildTripController.swift; sourceTree = "<group>"; };
		3DF675D31A20CC0400B8387A /* InitViewController.swift */ = {isa = PBXFileReference; fileEncoding = 4; lastKnownFileType = sourcecode.swift; path = InitViewController.swift; sourceTree = "<group>"; };
		3DF675D61A20CC3D00B8387A /* ECPercentDrivenInteractiveTransition.h */ = {isa = PBXFileReference; fileEncoding = 4; lastKnownFileType = sourcecode.c.h; path = ECPercentDrivenInteractiveTransition.h; sourceTree = "<group>"; };
		3DF675D71A20CC3D00B8387A /* ECPercentDrivenInteractiveTransition.m */ = {isa = PBXFileReference; fileEncoding = 4; lastKnownFileType = sourcecode.c.objc; path = ECPercentDrivenInteractiveTransition.m; sourceTree = "<group>"; };
		3DF675D81A20CC3D00B8387A /* ECSlidingAnimationController.h */ = {isa = PBXFileReference; fileEncoding = 4; lastKnownFileType = sourcecode.c.h; path = ECSlidingAnimationController.h; sourceTree = "<group>"; };
		3DF675D91A20CC3D00B8387A /* ECSlidingAnimationController.m */ = {isa = PBXFileReference; fileEncoding = 4; lastKnownFileType = sourcecode.c.objc; path = ECSlidingAnimationController.m; sourceTree = "<group>"; };
		3DF675DA1A20CC3D00B8387A /* ECSlidingConstants.h */ = {isa = PBXFileReference; fileEncoding = 4; lastKnownFileType = sourcecode.c.h; path = ECSlidingConstants.h; sourceTree = "<group>"; };
		3DF675DB1A20CC3D00B8387A /* ECSlidingInteractiveTransition.h */ = {isa = PBXFileReference; fileEncoding = 4; lastKnownFileType = sourcecode.c.h; path = ECSlidingInteractiveTransition.h; sourceTree = "<group>"; };
		3DF675DC1A20CC3D00B8387A /* ECSlidingInteractiveTransition.m */ = {isa = PBXFileReference; fileEncoding = 4; lastKnownFileType = sourcecode.c.objc; path = ECSlidingInteractiveTransition.m; sourceTree = "<group>"; };
		3DF675DD1A20CC3D00B8387A /* ECSlidingSegue.h */ = {isa = PBXFileReference; fileEncoding = 4; lastKnownFileType = sourcecode.c.h; path = ECSlidingSegue.h; sourceTree = "<group>"; };
		3DF675DE1A20CC3D00B8387A /* ECSlidingSegue.m */ = {isa = PBXFileReference; fileEncoding = 4; lastKnownFileType = sourcecode.c.objc; path = ECSlidingSegue.m; sourceTree = "<group>"; };
		3DF675DF1A20CC3D00B8387A /* ECSlidingViewController.h */ = {isa = PBXFileReference; fileEncoding = 4; lastKnownFileType = sourcecode.c.h; path = ECSlidingViewController.h; sourceTree = "<group>"; };
		3DF675E01A20CC3D00B8387A /* ECSlidingViewController.m */ = {isa = PBXFileReference; fileEncoding = 4; lastKnownFileType = sourcecode.c.objc; path = ECSlidingViewController.m; sourceTree = "<group>"; };
		3DF675E11A20CC3D00B8387A /* menuButton.png */ = {isa = PBXFileReference; lastKnownFileType = image.png; path = menuButton.png; sourceTree = "<group>"; };
		3DF675E21A20CC3D00B8387A /* UIViewController+ECSlidingViewController.h */ = {isa = PBXFileReference; fileEncoding = 4; lastKnownFileType = sourcecode.c.h; path = "UIViewController+ECSlidingViewController.h"; sourceTree = "<group>"; };
		3DF675E31A20CC3D00B8387A /* UIViewController+ECSlidingViewController.m */ = {isa = PBXFileReference; fileEncoding = 4; lastKnownFileType = sourcecode.c.objc; path = "UIViewController+ECSlidingViewController.m"; sourceTree = "<group>"; };
		3DF675EB1A20CDBD00B8387A /* MenuViewController.swift */ = {isa = PBXFileReference; fileEncoding = 4; lastKnownFileType = sourcecode.swift; path = MenuViewController.swift; sourceTree = "<group>"; };
		3DF675ED1A20CEBB00B8387A /* MenuSetupUITableViewController.swift */ = {isa = PBXFileReference; fileEncoding = 4; lastKnownFileType = sourcecode.swift; path = MenuSetupUITableViewController.swift; sourceTree = "<group>"; };
		3DF675EF1A20CF0300B8387A /* MenuSetupUIViewController.swift */ = {isa = PBXFileReference; fileEncoding = 4; lastKnownFileType = sourcecode.swift; path = MenuSetupUIViewController.swift; sourceTree = "<group>"; };
		874113AC1A1E7D600032BC6B /* MapKit.framework */ = {isa = PBXFileReference; lastKnownFileType = wrapper.framework; name = MapKit.framework; path = System/Library/Frameworks/MapKit.framework; sourceTree = SDKROOT; };
		AB0387451A16B3A600F11FCF /* Vragen.txt */ = {isa = PBXFileReference; fileEncoding = 4; lastKnownFileType = text; path = Vragen.txt; sourceTree = "<group>"; };
		AB0BB5D61A0D563500CB9F6F /* ParentTripCell.swift */ = {isa = PBXFileReference; fileEncoding = 4; lastKnownFileType = sourcecode.swift; path = ParentTripCell.swift; sourceTree = "<group>"; };
		AB138EDF19F51B74007DB692 /* JOETZ.app */ = {isa = PBXFileReference; explicitFileType = wrapper.application; includeInIndex = 0; path = JOETZ.app; sourceTree = BUILT_PRODUCTS_DIR; };
		AB138EE319F51B74007DB692 /* Info.plist */ = {isa = PBXFileReference; lastKnownFileType = text.plist.xml; path = Info.plist; sourceTree = "<group>"; };
		AB138EE419F51B74007DB692 /* AppDelegate.swift */ = {isa = PBXFileReference; lastKnownFileType = sourcecode.swift; path = AppDelegate.swift; sourceTree = "<group>"; };
		AB138EE619F51B74007DB692 /* StartViewController.swift */ = {isa = PBXFileReference; lastKnownFileType = sourcecode.swift; path = StartViewController.swift; sourceTree = "<group>"; };
		AB138EE919F51B74007DB692 /* Base */ = {isa = PBXFileReference; lastKnownFileType = file.storyboard; name = Base; path = Base.lproj/Main.storyboard; sourceTree = "<group>"; };
		AB138EEB19F51B74007DB692 /* Images.xcassets */ = {isa = PBXFileReference; lastKnownFileType = folder.assetcatalog; path = Images.xcassets; sourceTree = "<group>"; };
		AB138EEE19F51B74007DB692 /* Base */ = {isa = PBXFileReference; lastKnownFileType = file.xib; name = Base; path = Base.lproj/LaunchScreen.xib; sourceTree = "<group>"; };
		AB138EF419F51B74007DB692 /* JOETZTests.xctest */ = {isa = PBXFileReference; explicitFileType = wrapper.cfbundle; includeInIndex = 0; path = JOETZTests.xctest; sourceTree = BUILT_PRODUCTS_DIR; };
		AB138EF919F51B74007DB692 /* Info.plist */ = {isa = PBXFileReference; lastKnownFileType = text.plist.xml; path = Info.plist; sourceTree = "<group>"; };
		AB138EFA19F51B74007DB692 /* JOETZTests.swift */ = {isa = PBXFileReference; lastKnownFileType = sourcecode.swift; path = JOETZTests.swift; sourceTree = "<group>"; };
		AB384AF21A12C3AC005C597A /* ChildTripViewController.swift */ = {isa = PBXFileReference; fileEncoding = 4; lastKnownFileType = sourcecode.swift; path = ChildTripViewController.swift; sourceTree = "<group>"; };
		AB384AF41A12C48C005C597A /* ModelController.swift */ = {isa = PBXFileReference; fileEncoding = 4; lastKnownFileType = sourcecode.swift; path = ModelController.swift; sourceTree = "<group>"; };
		AB4C15E51A01948B0018876A /* LoginViewController.swift */ = {isa = PBXFileReference; fileEncoding = 4; lastKnownFileType = sourcecode.swift; path = LoginViewController.swift; sourceTree = "<group>"; };
		AB9FAA981A1E23C200B857CE /* ImageCell.swift */ = {isa = PBXFileReference; fileEncoding = 4; lastKnownFileType = sourcecode.swift; path = ImageCell.swift; sourceTree = "<group>"; };
		AB9FAA9A1A1E241100B857CE /* MapCell.swift */ = {isa = PBXFileReference; fileEncoding = 4; lastKnownFileType = sourcecode.swift; path = MapCell.swift; sourceTree = "<group>"; };
		ABB11A811A0CA23300BE6A88 /* Bridge-Header.h */ = {isa = PBXFileReference; lastKnownFileType = sourcecode.c.h; path = "Bridge-Header.h"; sourceTree = "<group>"; };
		ABB11A821A0CEE5300BE6A88 /* FacebookSDK.framework */ = {isa = PBXFileReference; lastKnownFileType = wrapper.framework; path = FacebookSDK.framework; sourceTree = "<group>"; };
		ABE776E91A05241C0063AEDB /* JSON.swift */ = {isa = PBXFileReference; fileEncoding = 4; lastKnownFileType = sourcecode.swift; path = JSON.swift; sourceTree = "<group>"; };
		ABE776EB1A0524500063AEDB /* Trip.swift */ = {isa = PBXFileReference; fileEncoding = 4; lastKnownFileType = sourcecode.swift; path = Trip.swift; sourceTree = "<group>"; };
		ABE776EF1A052FE00063AEDB /* ConnectionService.swift */ = {isa = PBXFileReference; fileEncoding = 4; lastKnownFileType = sourcecode.swift; path = ConnectionService.swift; sourceTree = "<group>"; };
/* End PBXFileReference section */

/* Begin PBXFrameworksBuildPhase section */
		AB138EDC19F51B74007DB692 /* Frameworks */ = {
			isa = PBXFrameworksBuildPhase;
			buildActionMask = 2147483647;
			files = (
				874113AD1A1E7D600032BC6B /* MapKit.framework in Frameworks */,
				ABB11A831A0CEE5300BE6A88 /* FacebookSDK.framework in Frameworks */,
			);
			runOnlyForDeploymentPostprocessing = 0;
		};
		AB138EF119F51B74007DB692 /* Frameworks */ = {
			isa = PBXFrameworksBuildPhase;
			buildActionMask = 2147483647;
			files = (
			);
			runOnlyForDeploymentPostprocessing = 0;
		};
/* End PBXFrameworksBuildPhase section */

/* Begin PBXGroup section */
		3DF675D21A20CBE600B8387A /* Menu */ = {
			isa = PBXGroup;
			children = (
				3DF675D51A20CC3D00B8387A /* ECSlidingViewController */,
				3DF675EF1A20CF0300B8387A /* MenuSetupUIViewController.swift */,
				3DF675ED1A20CEBB00B8387A /* MenuSetupUITableViewController.swift */,
				3DF675EB1A20CDBD00B8387A /* MenuViewController.swift */,
			);
			name = Menu;
			sourceTree = "<group>";
		};
		3DF675D51A20CC3D00B8387A /* ECSlidingViewController */ = {
			isa = PBXGroup;
			children = (
				3DF675D61A20CC3D00B8387A /* ECPercentDrivenInteractiveTransition.h */,
				3DF675D71A20CC3D00B8387A /* ECPercentDrivenInteractiveTransition.m */,
				3DF675D81A20CC3D00B8387A /* ECSlidingAnimationController.h */,
				3DF675D91A20CC3D00B8387A /* ECSlidingAnimationController.m */,
				3DF675DA1A20CC3D00B8387A /* ECSlidingConstants.h */,
				3DF675DB1A20CC3D00B8387A /* ECSlidingInteractiveTransition.h */,
				3DF675DC1A20CC3D00B8387A /* ECSlidingInteractiveTransition.m */,
				3DF675DD1A20CC3D00B8387A /* ECSlidingSegue.h */,
				3DF675DE1A20CC3D00B8387A /* ECSlidingSegue.m */,
				3DF675DF1A20CC3D00B8387A /* ECSlidingViewController.h */,
				3DF675E01A20CC3D00B8387A /* ECSlidingViewController.m */,
				3DF675E11A20CC3D00B8387A /* menuButton.png */,
				3DF675E21A20CC3D00B8387A /* UIViewController+ECSlidingViewController.h */,
				3DF675E31A20CC3D00B8387A /* UIViewController+ECSlidingViewController.m */,
			);
			path = ECSlidingViewController;
			sourceTree = "<group>";
		};
		3DF675F11A20D93600B8387A /* Controllers */ = {
			isa = PBXGroup;
			children = (
				3DF675D31A20CC0400B8387A /* InitViewController.swift */,
				AB138EE619F51B74007DB692 /* StartViewController.swift */,
				3DF675D21A20CBE600B8387A /* Menu */,
				3DF675F51A20D9BE00B8387A /* Login */,
				3DF675F21A20D95E00B8387A /* ParentTrip */,
				3DF675F41A20D9A100B8387A /* ChildTrip */,
			);
			name = Controllers;
			sourceTree = "<group>";
		};
		3DF675F21A20D95E00B8387A /* ParentTrip */ = {
			isa = PBXGroup;
			children = (
				3D182AB51A0A7BD000E3E59F /* ParentTripsController.swift */,
				3D182AB71A0A828300E3E59F /* ParentTripController.swift */,
			);
			name = ParentTrip;
			sourceTree = "<group>";
		};
		3DF675F31A20D98900B8387A /* Views */ = {
			isa = PBXGroup;
			children = (
				AB0BB5D61A0D563500CB9F6F /* ParentTripCell.swift */,
				AB9FAA9A1A1E241100B857CE /* MapCell.swift */,
				AB9FAA981A1E23C200B857CE /* ImageCell.swift */,
			);
			name = Views;
			sourceTree = "<group>";
		};
		3DF675F41A20D9A100B8387A /* ChildTrip */ = {
			isa = PBXGroup;
			children = (
				3D1EB9CE1A06992900C01F49 /* ChildTripController.swift */,
				AB384AF21A12C3AC005C597A /* ChildTripViewController.swift */,
			);
			name = ChildTrip;
			sourceTree = "<group>";
		};
		3DF675F51A20D9BE00B8387A /* Login */ = {
			isa = PBXGroup;
			children = (
				AB4C15E51A01948B0018876A /* LoginViewController.swift */,
			);
			name = Login;
			sourceTree = "<group>";
		};
		3DF675F61A20D9E700B8387A /* Model */ = {
			isa = PBXGroup;
			children = (
				ABE776EF1A052FE00063AEDB /* ConnectionService.swift */,
				ABE776E91A05241C0063AEDB /* JSON.swift */,
				ABE776EB1A0524500063AEDB /* Trip.swift */,
			);
			name = Model;
			sourceTree = "<group>";
		};
		AB138ED619F51B74007DB692 = {
			isa = PBXGroup;
			children = (
				874113AC1A1E7D600032BC6B /* MapKit.framework */,
				ABB11A821A0CEE5300BE6A88 /* FacebookSDK.framework */,
				AB138EE119F51B74007DB692 /* JOETZ */,
				AB138EF719F51B74007DB692 /* JOETZTests */,
				AB138EE019F51B74007DB692 /* Products */,
			);
			sourceTree = "<group>";
		};
		AB138EE019F51B74007DB692 /* Products */ = {
			isa = PBXGroup;
			children = (
				AB138EDF19F51B74007DB692 /* JOETZ.app */,
				AB138EF419F51B74007DB692 /* JOETZTests.xctest */,
			);
			name = Products;
			sourceTree = "<group>";
		};
		AB138EE119F51B74007DB692 /* JOETZ */ = {
			isa = PBXGroup;
			children = (
				3DF675F11A20D93600B8387A /* Controllers */,
				3DF675F31A20D98900B8387A /* Views */,
				3DF675F61A20D9E700B8387A /* Model */,
				AB138EE419F51B74007DB692 /* AppDelegate.swift */,
				AB384AF41A12C48C005C597A /* ModelController.swift */,
				AB138EE819F51B74007DB692 /* Main.storyboard */,
				AB138EED19F51B74007DB692 /* LaunchScreen.xib */,
				AB138EEB19F51B74007DB692 /* Images.xcassets */,
				AB138EE219F51B74007DB692 /* Supporting Files */,
				ABB11A811A0CA23300BE6A88 /* Bridge-Header.h */,
				AB0387451A16B3A600F11FCF /* Vragen.txt */,
			);
			path = JOETZ;
			sourceTree = "<group>";
		};
		AB138EE219F51B74007DB692 /* Supporting Files */ = {
			isa = PBXGroup;
			children = (
				AB138EE319F51B74007DB692 /* Info.plist */,
			);
			name = "Supporting Files";
			sourceTree = "<group>";
		};
		AB138EF719F51B74007DB692 /* JOETZTests */ = {
			isa = PBXGroup;
			children = (
				AB138EFA19F51B74007DB692 /* JOETZTests.swift */,
				AB138EF819F51B74007DB692 /* Supporting Files */,
			);
			path = JOETZTests;
			sourceTree = "<group>";
		};
		AB138EF819F51B74007DB692 /* Supporting Files */ = {
			isa = PBXGroup;
			children = (
				AB138EF919F51B74007DB692 /* Info.plist */,
			);
			name = "Supporting Files";
			sourceTree = "<group>";
		};
/* End PBXGroup section */

/* Begin PBXNativeTarget section */
		AB138EDE19F51B74007DB692 /* JOETZ */ = {
			isa = PBXNativeTarget;
			buildConfigurationList = AB138EFE19F51B74007DB692 /* Build configuration list for PBXNativeTarget "JOETZ" */;
			buildPhases = (
				AB138EDB19F51B74007DB692 /* Sources */,
				AB138EDC19F51B74007DB692 /* Frameworks */,
				AB138EDD19F51B74007DB692 /* Resources */,
			);
			buildRules = (
			);
			dependencies = (
			);
			name = JOETZ;
			productName = JOETZ;
			productReference = AB138EDF19F51B74007DB692 /* JOETZ.app */;
			productType = "com.apple.product-type.application";
		};
		AB138EF319F51B74007DB692 /* JOETZTests */ = {
			isa = PBXNativeTarget;
			buildConfigurationList = AB138F0119F51B74007DB692 /* Build configuration list for PBXNativeTarget "JOETZTests" */;
			buildPhases = (
				AB138EF019F51B74007DB692 /* Sources */,
				AB138EF119F51B74007DB692 /* Frameworks */,
				AB138EF219F51B74007DB692 /* Resources */,
			);
			buildRules = (
			);
			dependencies = (
				AB138EF619F51B74007DB692 /* PBXTargetDependency */,
			);
			name = JOETZTests;
			productName = JOETZTests;
			productReference = AB138EF419F51B74007DB692 /* JOETZTests.xctest */;
			productType = "com.apple.product-type.bundle.unit-test";
		};
/* End PBXNativeTarget section */

/* Begin PBXProject section */
		AB138ED719F51B74007DB692 /* Project object */ = {
			isa = PBXProject;
			attributes = {
				LastUpgradeCheck = 0600;
				ORGANIZATIONNAME = "Groep 3D07";
				TargetAttributes = {
					AB138EDE19F51B74007DB692 = {
						CreatedOnToolsVersion = 6.0.1;
						SystemCapabilities = {
							com.apple.Maps.iOS = {
								enabled = 1;
							};
						};
					};
					AB138EF319F51B74007DB692 = {
						CreatedOnToolsVersion = 6.0.1;
						TestTargetID = AB138EDE19F51B74007DB692;
					};
				};
			};
			buildConfigurationList = AB138EDA19F51B74007DB692 /* Build configuration list for PBXProject "JOETZ" */;
			compatibilityVersion = "Xcode 3.2";
			developmentRegion = English;
			hasScannedForEncodings = 0;
			knownRegions = (
				en,
				Base,
			);
			mainGroup = AB138ED619F51B74007DB692;
			productRefGroup = AB138EE019F51B74007DB692 /* Products */;
			projectDirPath = "";
			projectRoot = "";
			targets = (
				AB138EDE19F51B74007DB692 /* JOETZ */,
				AB138EF319F51B74007DB692 /* JOETZTests */,
			);
		};
/* End PBXProject section */

/* Begin PBXResourcesBuildPhase section */
		AB138EDD19F51B74007DB692 /* Resources */ = {
			isa = PBXResourcesBuildPhase;
			buildActionMask = 2147483647;
			files = (
				ABB339831A053CF100518CA2 /* Main.storyboard in Resources */,
				3DF675E91A20CC3D00B8387A /* menuButton.png in Resources */,
				AB138EEF19F51B74007DB692 /* LaunchScreen.xib in Resources */,
				AB138EEC19F51B74007DB692 /* Images.xcassets in Resources */,
				AB0387461A16B3A600F11FCF /* Vragen.txt in Resources */,
			);
			runOnlyForDeploymentPostprocessing = 0;
		};
		AB138EF219F51B74007DB692 /* Resources */ = {
			isa = PBXResourcesBuildPhase;
			buildActionMask = 2147483647;
			files = (
			);
			runOnlyForDeploymentPostprocessing = 0;
		};
/* End PBXResourcesBuildPhase section */

/* Begin PBXSourcesBuildPhase section */
		AB138EDB19F51B74007DB692 /* Sources */ = {
			isa = PBXSourcesBuildPhase;
			buildActionMask = 2147483647;
			files = (
				ABE776F01A052FE00063AEDB /* ConnectionService.swift in Sources */,
				3D182AB81A0A828300E3E59F /* ParentTripController.swift in Sources */,
				3DF675EE1A20CEBB00B8387A /* MenuSetupUITableViewController.swift in Sources */,
				3DF675E81A20CC3D00B8387A /* ECSlidingViewController.m in Sources */,
				ABE776EA1A05241C0063AEDB /* JSON.swift in Sources */,
				AB0BB5D71A0D563500CB9F6F /* ParentTripCell.swift in Sources */,
				AB4C15E61A01948B0018876A /* LoginViewController.swift in Sources */,
				AB9FAA991A1E23C200B857CE /* ImageCell.swift in Sources */,
				3DF675E61A20CC3D00B8387A /* ECSlidingInteractiveTransition.m in Sources */,
				3DF675D41A20CC0400B8387A /* InitViewController.swift in Sources */,
				AB384AF51A12C48C005C597A /* ModelController.swift in Sources */,
				3DF675EA1A20CC3D00B8387A /* UIViewController+ECSlidingViewController.m in Sources */,
				3DF675F01A20CF0300B8387A /* MenuSetupUIViewController.swift in Sources */,
				3D182AB61A0A7BD000E3E59F /* ParentTripsController.swift in Sources */,
				3DF675E71A20CC3D00B8387A /* ECSlidingSegue.m in Sources */,
				AB384AF31A12C3AC005C597A /* ChildTripViewController.swift in Sources */,
				3DF675E41A20CC3D00B8387A /* ECPercentDrivenInteractiveTransition.m in Sources */,
				AB138EE719F51B74007DB692 /* StartViewController.swift in Sources */,
				3DF675E51A20CC3D00B8387A /* ECSlidingAnimationController.m in Sources */,
				ABE776EC1A0524500063AEDB /* Trip.swift in Sources */,
				AB138EE519F51B74007DB692 /* AppDelegate.swift in Sources */,
				3D1EB9CF1A06992900C01F49 /* ChildTripController.swift in Sources */,
				AB9FAA9B1A1E241100B857CE /* MapCell.swift in Sources */,
				3DF675EC1A20CDBD00B8387A /* MenuViewController.swift in Sources */,
			);
			runOnlyForDeploymentPostprocessing = 0;
		};
		AB138EF019F51B74007DB692 /* Sources */ = {
			isa = PBXSourcesBuildPhase;
			buildActionMask = 2147483647;
			files = (
				AB138EFB19F51B74007DB692 /* JOETZTests.swift in Sources */,
			);
			runOnlyForDeploymentPostprocessing = 0;
		};
/* End PBXSourcesBuildPhase section */

/* Begin PBXTargetDependency section */
		AB138EF619F51B74007DB692 /* PBXTargetDependency */ = {
			isa = PBXTargetDependency;
			target = AB138EDE19F51B74007DB692 /* JOETZ */;
			targetProxy = AB138EF519F51B74007DB692 /* PBXContainerItemProxy */;
		};
/* End PBXTargetDependency section */

/* Begin PBXVariantGroup section */
		AB138EE819F51B74007DB692 /* Main.storyboard */ = {
			isa = PBXVariantGroup;
			children = (
				AB138EE919F51B74007DB692 /* Base */,
			);
			name = Main.storyboard;
			sourceTree = "<group>";
		};
		AB138EED19F51B74007DB692 /* LaunchScreen.xib */ = {
			isa = PBXVariantGroup;
			children = (
				AB138EEE19F51B74007DB692 /* Base */,
			);
			name = LaunchScreen.xib;
			sourceTree = "<group>";
		};
/* End PBXVariantGroup section */

/* Begin XCBuildConfiguration section */
		AB138EFC19F51B74007DB692 /* Debug */ = {
			isa = XCBuildConfiguration;
			buildSettings = {
				ALWAYS_SEARCH_USER_PATHS = NO;
				CLANG_CXX_LANGUAGE_STANDARD = "gnu++0x";
				CLANG_CXX_LIBRARY = "libc++";
				CLANG_ENABLE_MODULES = YES;
				CLANG_ENABLE_OBJC_ARC = YES;
				CLANG_WARN_BOOL_CONVERSION = YES;
				CLANG_WARN_CONSTANT_CONVERSION = YES;
				CLANG_WARN_DIRECT_OBJC_ISA_USAGE = YES_ERROR;
				CLANG_WARN_EMPTY_BODY = YES;
				CLANG_WARN_ENUM_CONVERSION = YES;
				CLANG_WARN_INT_CONVERSION = YES;
				CLANG_WARN_OBJC_ROOT_CLASS = YES_ERROR;
				CLANG_WARN_UNREACHABLE_CODE = YES;
				CLANG_WARN__DUPLICATE_METHOD_MATCH = YES;
				"CODE_SIGN_IDENTITY[sdk=iphoneos*]" = "iPhone Developer";
				COPY_PHASE_STRIP = NO;
				ENABLE_STRICT_OBJC_MSGSEND = YES;
				GCC_C_LANGUAGE_STANDARD = gnu99;
				GCC_DYNAMIC_NO_PIC = NO;
				GCC_OPTIMIZATION_LEVEL = 0;
				GCC_PREPROCESSOR_DEFINITIONS = (
					"DEBUG=1",
					"$(inherited)",
				);
				GCC_SYMBOLS_PRIVATE_EXTERN = NO;
				GCC_WARN_64_TO_32_BIT_CONVERSION = YES;
				GCC_WARN_ABOUT_RETURN_TYPE = YES_ERROR;
				GCC_WARN_UNDECLARED_SELECTOR = YES;
				GCC_WARN_UNINITIALIZED_AUTOS = YES_AGGRESSIVE;
				GCC_WARN_UNUSED_FUNCTION = YES;
				GCC_WARN_UNUSED_VARIABLE = YES;
				IPHONEOS_DEPLOYMENT_TARGET = 8.0;
				MTL_ENABLE_DEBUG_INFO = YES;
				ONLY_ACTIVE_ARCH = YES;
				SDKROOT = iphoneos;
				SWIFT_OPTIMIZATION_LEVEL = "-Onone";
				TARGETED_DEVICE_FAMILY = "1,2";
			};
			name = Debug;
		};
		AB138EFD19F51B74007DB692 /* Release */ = {
			isa = XCBuildConfiguration;
			buildSettings = {
				ALWAYS_SEARCH_USER_PATHS = NO;
				CLANG_CXX_LANGUAGE_STANDARD = "gnu++0x";
				CLANG_CXX_LIBRARY = "libc++";
				CLANG_ENABLE_MODULES = YES;
				CLANG_ENABLE_OBJC_ARC = YES;
				CLANG_WARN_BOOL_CONVERSION = YES;
				CLANG_WARN_CONSTANT_CONVERSION = YES;
				CLANG_WARN_DIRECT_OBJC_ISA_USAGE = YES_ERROR;
				CLANG_WARN_EMPTY_BODY = YES;
				CLANG_WARN_ENUM_CONVERSION = YES;
				CLANG_WARN_INT_CONVERSION = YES;
				CLANG_WARN_OBJC_ROOT_CLASS = YES_ERROR;
				CLANG_WARN_UNREACHABLE_CODE = YES;
				CLANG_WARN__DUPLICATE_METHOD_MATCH = YES;
				"CODE_SIGN_IDENTITY[sdk=iphoneos*]" = "iPhone Developer";
				COPY_PHASE_STRIP = YES;
				ENABLE_NS_ASSERTIONS = NO;
				ENABLE_STRICT_OBJC_MSGSEND = YES;
				GCC_C_LANGUAGE_STANDARD = gnu99;
				GCC_WARN_64_TO_32_BIT_CONVERSION = YES;
				GCC_WARN_ABOUT_RETURN_TYPE = YES_ERROR;
				GCC_WARN_UNDECLARED_SELECTOR = YES;
				GCC_WARN_UNINITIALIZED_AUTOS = YES_AGGRESSIVE;
				GCC_WARN_UNUSED_FUNCTION = YES;
				GCC_WARN_UNUSED_VARIABLE = YES;
				IPHONEOS_DEPLOYMENT_TARGET = 8.0;
				MTL_ENABLE_DEBUG_INFO = NO;
				SDKROOT = iphoneos;
				TARGETED_DEVICE_FAMILY = "1,2";
				VALIDATE_PRODUCT = YES;
			};
			name = Release;
		};
		AB138EFF19F51B74007DB692 /* Debug */ = {
			isa = XCBuildConfiguration;
			buildSettings = {
				ASSETCATALOG_COMPILER_APPICON_NAME = AppIcon;
				FRAMEWORK_SEARCH_PATHS = (
					"$(inherited)",
					/Users/vrwim/Documents/FacebookSDK,
					"$(PROJECT_DIR)",
				);
				INFOPLIST_FILE = JOETZ/Info.plist;
				LD_RUNPATH_SEARCH_PATHS = "$(inherited) @executable_path/Frameworks";
				PRODUCT_NAME = "$(TARGET_NAME)";
				SWIFT_OBJC_BRIDGING_HEADER = "JOETZ/Bridge-Header.h";
			};
			name = Debug;
		};
		AB138F0019F51B74007DB692 /* Release */ = {
			isa = XCBuildConfiguration;
			buildSettings = {
				ASSETCATALOG_COMPILER_APPICON_NAME = AppIcon;
				FRAMEWORK_SEARCH_PATHS = (
					"$(inherited)",
					/Users/vrwim/Documents/FacebookSDK,
					"$(PROJECT_DIR)",
				);
				INFOPLIST_FILE = JOETZ/Info.plist;
				LD_RUNPATH_SEARCH_PATHS = "$(inherited) @executable_path/Frameworks";
				PRODUCT_NAME = "$(TARGET_NAME)";
				SWIFT_OBJC_BRIDGING_HEADER = "JOETZ/Bridge-Header.h";
			};
			name = Release;
		};
		AB138F0219F51B74007DB692 /* Debug */ = {
			isa = XCBuildConfiguration;
			buildSettings = {
				BUNDLE_LOADER = "$(TEST_HOST)";
				FRAMEWORK_SEARCH_PATHS = (
					"$(SDKROOT)/Developer/Library/Frameworks",
					"$(inherited)",
				);
				GCC_PREPROCESSOR_DEFINITIONS = (
					"DEBUG=1",
					"$(inherited)",
				);
				INFOPLIST_FILE = JOETZTests/Info.plist;
				LD_RUNPATH_SEARCH_PATHS = "$(inherited) @executable_path/Frameworks @loader_path/Frameworks";
				PRODUCT_NAME = "$(TARGET_NAME)";
				TEST_HOST = "$(BUILT_PRODUCTS_DIR)/JOETZ.app/JOETZ";
			};
			name = Debug;
		};
		AB138F0319F51B74007DB692 /* Release */ = {
			isa = XCBuildConfiguration;
			buildSettings = {
				BUNDLE_LOADER = "$(TEST_HOST)";
				FRAMEWORK_SEARCH_PATHS = (
					"$(SDKROOT)/Developer/Library/Frameworks",
					"$(inherited)",
				);
				INFOPLIST_FILE = JOETZTests/Info.plist;
				LD_RUNPATH_SEARCH_PATHS = "$(inherited) @executable_path/Frameworks @loader_path/Frameworks";
				PRODUCT_NAME = "$(TARGET_NAME)";
				TEST_HOST = "$(BUILT_PRODUCTS_DIR)/JOETZ.app/JOETZ";
			};
			name = Release;
		};
/* End XCBuildConfiguration section */

/* Begin XCConfigurationList section */
		AB138EDA19F51B74007DB692 /* Build configuration list for PBXProject "JOETZ" */ = {
			isa = XCConfigurationList;
			buildConfigurations = (
				AB138EFC19F51B74007DB692 /* Debug */,
				AB138EFD19F51B74007DB692 /* Release */,
			);
			defaultConfigurationIsVisible = 0;
			defaultConfigurationName = Release;
		};
		AB138EFE19F51B74007DB692 /* Build configuration list for PBXNativeTarget "JOETZ" */ = {
			isa = XCConfigurationList;
			buildConfigurations = (
				AB138EFF19F51B74007DB692 /* Debug */,
				AB138F0019F51B74007DB692 /* Release */,
			);
			defaultConfigurationIsVisible = 0;
			defaultConfigurationName = Release;
		};
		AB138F0119F51B74007DB692 /* Build configuration list for PBXNativeTarget "JOETZTests" */ = {
			isa = XCConfigurationList;
			buildConfigurations = (
				AB138F0219F51B74007DB692 /* Debug */,
				AB138F0319F51B74007DB692 /* Release */,
			);
			defaultConfigurationIsVisible = 0;
			defaultConfigurationName = Release;
		};
/* End XCConfigurationList section */
	};
	rootObject = AB138ED719F51B74007DB692 /* Project object */;
}
